// !$*UTF8*$!
{
	archiveVersion = 1;
	classes = {
	};
	objectVersion = 56;
	objects = {

/* Begin PBXBuildFile section */
		55AF3EF3031566D294C76287 /* Pods_NotificationExtension.framework in Frameworks */ = {isa = PBXBuildFile; fileRef = 8231B72E0F6265F7F4F5CE0C /* Pods_NotificationExtension.framework */; };
		6A1ABA7829773EA4001E0B41 /* Keystore.swift in Sources */ = {isa = PBXBuildFile; fileRef = 6A1ABA7729773EA4001E0B41 /* Keystore.swift */; };
		6A1C37D82970D1BD00AF6559 /* ConversationCellView.swift in Sources */ = {isa = PBXBuildFile; fileRef = 6A1C37D72970D1BD00AF6559 /* ConversationCellView.swift */; };
		6A1C37DE2971A3C900AF6559 /* web3.swift in Frameworks */ = {isa = PBXBuildFile; productRef = 6A1C37DD2971A3C900AF6559 /* web3.swift */; };
		6A40154729526795003A6659 /* xmtp_inbox_iosApp.swift in Sources */ = {isa = PBXBuildFile; fileRef = 6A40154629526795003A6659 /* xmtp_inbox_iosApp.swift */; };
		6A40154929526795003A6659 /* ContentView.swift in Sources */ = {isa = PBXBuildFile; fileRef = 6A40154829526795003A6659 /* ContentView.swift */; };
		6A40154B29526796003A6659 /* Assets.xcassets in Resources */ = {isa = PBXBuildFile; fileRef = 6A40154A29526796003A6659 /* Assets.xcassets */; };
		6A40154F29526796003A6659 /* Preview Assets.xcassets in Resources */ = {isa = PBXBuildFile; fileRef = 6A40154E29526796003A6659 /* Preview Assets.xcassets */; };
		6A40155929526796003A6659 /* xmtp_inbox_iosTests.swift in Sources */ = {isa = PBXBuildFile; fileRef = 6A40155829526796003A6659 /* xmtp_inbox_iosTests.swift */; };
		6A40156329526796003A6659 /* xmtp_inbox_iosUITests.swift in Sources */ = {isa = PBXBuildFile; fileRef = 6A40156229526796003A6659 /* xmtp_inbox_iosUITests.swift */; };
		6A40157A29529F85003A6659 /* HomeView.swift in Sources */ = {isa = PBXBuildFile; fileRef = 6A40157929529F85003A6659 /* HomeView.swift */; };
		6A40157D2952AEFB003A6659 /* ColorExtensions.swift in Sources */ = {isa = PBXBuildFile; fileRef = 6A40157C2952AEFB003A6659 /* ColorExtensions.swift */; };
		6A40157F2952B237003A6659 /* FontExtensions.swift in Sources */ = {isa = PBXBuildFile; fileRef = 6A40157E2952B237003A6659 /* FontExtensions.swift */; };
		6A4612FF298177B300346D68 /* Auth.swift in Sources */ = {isa = PBXBuildFile; fileRef = 6A4612FE298177B300346D68 /* Auth.swift */; };
		6A4613012981826B00346D68 /* MessageComposerView.swift in Sources */ = {isa = PBXBuildFile; fileRef = 6A4613002981826B00346D68 /* MessageComposerView.swift */; };
		6A4613032981831D00346D68 /* ConversationDetailView.swift in Sources */ = {isa = PBXBuildFile; fileRef = 6A4613022981831D00346D68 /* ConversationDetailView.swift */; };
		6A4613052981836F00346D68 /* MessageListView.swift in Sources */ = {isa = PBXBuildFile; fileRef = 6A4613042981836F00346D68 /* MessageListView.swift */; };
		6A461307298183A600346D68 /* MessageCellView.swift in Sources */ = {isa = PBXBuildFile; fileRef = 6A461306298183A600346D68 /* MessageCellView.swift */; };
		6A461309298191F700346D68 /* DisplayName.swift in Sources */ = {isa = PBXBuildFile; fileRef = 6A461308298191F700346D68 /* DisplayName.swift */; };
		6A46130B2981ABF500346D68 /* ViewExtensions.swift in Sources */ = {isa = PBXBuildFile; fileRef = 6A46130A2981ABF500346D68 /* ViewExtensions.swift */; };
		6A4613112981F96300346D68 /* AlertToast in Frameworks */ = {isa = PBXBuildFile; productRef = 6A4613102981F96300346D68 /* AlertToast */; };
		6A4613192982080E00346D68 /* AlertExtensions.swift in Sources */ = {isa = PBXBuildFile; fileRef = 6A4613182982080E00346D68 /* AlertExtensions.swift */; };
		6A46131B2982118500346D68 /* ErrorViewModel.swift in Sources */ = {isa = PBXBuildFile; fileRef = 6A46131A2982118500346D68 /* ErrorViewModel.swift */; };
		6A46132929831BD800346D68 /* AccountView.swift in Sources */ = {isa = PBXBuildFile; fileRef = 6A46132829831BD800346D68 /* AccountView.swift */; };
		6A58A3AE29943D82009F62D0 /* FloatingButton.swift in Sources */ = {isa = PBXBuildFile; fileRef = 6A58A3AD29943D82009F62D0 /* FloatingButton.swift */; };
		6A58A3B029968A85009F62D0 /* NewMessageView.swift in Sources */ = {isa = PBXBuildFile; fileRef = 6A58A3AF29968A85009F62D0 /* NewMessageView.swift */; };
		6A5DA48A298C03A700CEA7CD /* DateExtensions.swift in Sources */ = {isa = PBXBuildFile; fileRef = 6A5DA489298C03A700CEA7CD /* DateExtensions.swift */; };
		6AA65965297B2A2200E980AD /* WalletConnectSwift in Frameworks */ = {isa = PBXBuildFile; productRef = 6AA65964297B2A2200E980AD /* WalletConnectSwift */; };
		6AA65968297B2A7100E980AD /* WalletConnection.swift in Sources */ = {isa = PBXBuildFile; fileRef = 6AA65967297B2A7100E980AD /* WalletConnection.swift */; };
		6AA6596B297B2DB000E980AD /* Account.swift in Sources */ = {isa = PBXBuildFile; fileRef = 6AA6596A297B2DB000E980AD /* Account.swift */; };
		6ABDB41E2954A7070082EC42 /* SplashView.swift in Sources */ = {isa = PBXBuildFile; fileRef = 6ABDB41D2954A7070082EC42 /* SplashView.swift */; };
		6AC5CFB32953FA750046325C /* .swiftformat in Resources */ = {isa = PBXBuildFile; fileRef = 6AC5CFB22953FA750046325C /* .swiftformat */; };
		6ACD972F298AE3F000C6AD66 /* HapticButton.swift in Sources */ = {isa = PBXBuildFile; fileRef = 6ACD972E298AE3F000C6AD66 /* HapticButton.swift */; };
		6AE264E82974E63F0055250A /* ENSKit in Frameworks */ = {isa = PBXBuildFile; productRef = 6AE264E72974E63F0055250A /* ENSKit */; };
		6AE264EB2974F62B0055250A /* IGIdenticon in Frameworks */ = {isa = PBXBuildFile; productRef = 6AE264EA2974F62B0055250A /* IGIdenticon */; };
		6AE264ED2975EFD40055250A /* Constants.swift in Sources */ = {isa = PBXBuildFile; fileRef = 6AE264EC2975EFD40055250A /* Constants.swift */; };
		6AE264EF2975F2570055250A /* EnsImageView.swift in Sources */ = {isa = PBXBuildFile; fileRef = 6AE264EE2975F2570055250A /* EnsImageView.swift */; };
		6AE264F32975FD270055250A /* StringExtensions.swift in Sources */ = {isa = PBXBuildFile; fileRef = 6AE264F22975FD270055250A /* StringExtensions.swift */; };
		6AF033EE2954CF3F0043FB6A /* Localizable.strings in Resources */ = {isa = PBXBuildFile; fileRef = 6AF033ED2954CF3F0043FB6A /* Localizable.strings */; };
		6AF033F02954F62A0043FB6A /* ConversationListView.swift in Sources */ = {isa = PBXBuildFile; fileRef = 6AF033EF2954F62A0043FB6A /* ConversationListView.swift */; };
		6AF033F22954F8560043FB6A /* PreviewClientProvider.swift in Sources */ = {isa = PBXBuildFile; fileRef = 6AF033F12954F8560043FB6A /* PreviewClientProvider.swift */; };
		6AF033F4295504B70043FB6A /* Print.swift in Sources */ = {isa = PBXBuildFile; fileRef = 6AF033F3295504B70043FB6A /* Print.swift */; };
		7B64A5C6D3C770004C79B5E8 /* Pods_xmtp_inbox_ios.framework in Frameworks */ = {isa = PBXBuildFile; fileRef = A68BCB232995C256001159B8 /* Pods_xmtp_inbox_ios.framework */; };
		A6292C31299415E4004B5A27 /* SQLDebuggerView.swift in Sources */ = {isa = PBXBuildFile; fileRef = A6292C30299415E4004B5A27 /* SQLDebuggerView.swift */; };
		A66339A02989D14400477E2E /* QRCode.swift in Sources */ = {isa = PBXBuildFile; fileRef = A663399F2989D14400477E2E /* QRCode.swift */; };
		A66339A22989D1FE00477E2E /* QRCodeView.swift in Sources */ = {isa = PBXBuildFile; fileRef = A66339A12989D1FE00477E2E /* QRCodeView.swift */; };
		A671F71A2992C01900C0F36D /* KeyStoreTests.swift in Sources */ = {isa = PBXBuildFile; fileRef = A671F7192992C01900C0F36D /* KeyStoreTests.swift */; };
		A677CE9F298CADF000055697 /* ENS.swift in Sources */ = {isa = PBXBuildFile; fileRef = A677CE9E298CADF000055697 /* ENS.swift */; };
		A677CEA6298CB97100055697 /* MessageLoader.swift in Sources */ = {isa = PBXBuildFile; fileRef = A677CEA5298CB97100055697 /* MessageLoader.swift */; };
		A68BCAF729959374001159B8 /* ConversationTopic.swift in Sources */ = {isa = PBXBuildFile; fileRef = A68BCAF629959374001159B8 /* ConversationTopic.swift */; };
		A68BCB022995BF2B001159B8 /* NotificationService.swift in Sources */ = {isa = PBXBuildFile; fileRef = A68BCB012995BF2B001159B8 /* NotificationService.swift */; };
		A68BCB062995BF2B001159B8 /* NotificationExtension.appex in Embed Foundation Extensions */ = {isa = PBXBuildFile; fileRef = A68BCAFF2995BF2A001159B8 /* NotificationExtension.appex */; settings = {ATTRIBUTES = (RemoveHeadersOnCopy, ); }; };
		A68BCB0C2995C02F001159B8 /* AppGroup.swift in Sources */ = {isa = PBXBuildFile; fileRef = A68BCB0B2995C02F001159B8 /* AppGroup.swift */; };
		A68BCB0D2995C02F001159B8 /* AppGroup.swift in Sources */ = {isa = PBXBuildFile; fileRef = A68BCB0B2995C02F001159B8 /* AppGroup.swift */; };
		A68BCB132995C107001159B8 /* Model.swift in Sources */ = {isa = PBXBuildFile; fileRef = A68C8A45298C61C6003A9A95 /* Model.swift */; };
		A68BCB142995C107001159B8 /* Conversation.swift in Sources */ = {isa = PBXBuildFile; fileRef = A68C8A47298C61E9003A9A95 /* Conversation.swift */; };
		A68BCB152995C107001159B8 /* Message.swift in Sources */ = {isa = PBXBuildFile; fileRef = A68C8A52298C8BED003A9A95 /* Message.swift */; };
		A68BCB162995C107001159B8 /* ConversationTopic.swift in Sources */ = {isa = PBXBuildFile; fileRef = A68BCAF629959374001159B8 /* ConversationTopic.swift */; };
		A68BCB172995C107001159B8 /* DB.swift in Sources */ = {isa = PBXBuildFile; fileRef = A68C8A43298C5D97003A9A95 /* DB.swift */; };
		A68BCB262995C2C4001159B8 /* XMTP in Frameworks */ = {isa = PBXBuildFile; productRef = A68BCB252995C2C4001159B8 /* XMTP */; };
		A68BCB272995C2D7001159B8 /* Constants.swift in Sources */ = {isa = PBXBuildFile; fileRef = 6AE264EC2975EFD40055250A /* Constants.swift */; };
		A68BCB282995C2E4001159B8 /* StringExtensions.swift in Sources */ = {isa = PBXBuildFile; fileRef = 6AE264F22975FD270055250A /* StringExtensions.swift */; };
		A68BCB2A2995C2E4001159B8 /* DateExtensions.swift in Sources */ = {isa = PBXBuildFile; fileRef = 6A5DA489298C03A700CEA7CD /* DateExtensions.swift */; };
		A68BCB2B2995C2E4001159B8 /* ColorExtensions.swift in Sources */ = {isa = PBXBuildFile; fileRef = 6A40157C2952AEFB003A6659 /* ColorExtensions.swift */; };
		A68BCB2C2995C2E4001159B8 /* ViewExtensions.swift in Sources */ = {isa = PBXBuildFile; fileRef = 6A46130A2981ABF500346D68 /* ViewExtensions.swift */; };
		A68BCB2D2995C2E4001159B8 /* FontExtensions.swift in Sources */ = {isa = PBXBuildFile; fileRef = 6A40157E2952B237003A6659 /* FontExtensions.swift */; };
		A68BCB2E2995C37B001159B8 /* Keystore.swift in Sources */ = {isa = PBXBuildFile; fileRef = 6A1ABA7729773EA4001E0B41 /* Keystore.swift */; };
		A68BCB322995C4EE001159B8 /* KeychainAccess in Frameworks */ = {isa = PBXBuildFile; productRef = A68BCB312995C4EE001159B8 /* KeychainAccess */; };
		A68BCB342995C538001159B8 /* KeychainAccess in Frameworks */ = {isa = PBXBuildFile; productRef = A68BCB332995C538001159B8 /* KeychainAccess */; };
		A68C8A44298C5D97003A9A95 /* DB.swift in Sources */ = {isa = PBXBuildFile; fileRef = A68C8A43298C5D97003A9A95 /* DB.swift */; };
		A68C8A46298C61C6003A9A95 /* Model.swift in Sources */ = {isa = PBXBuildFile; fileRef = A68C8A45298C61C6003A9A95 /* Model.swift */; };
		A68C8A48298C61E9003A9A95 /* Conversation.swift in Sources */ = {isa = PBXBuildFile; fileRef = A68C8A47298C61E9003A9A95 /* Conversation.swift */; };
		A68C8A4A298C64FC003A9A95 /* DBConversationTests.swift in Sources */ = {isa = PBXBuildFile; fileRef = A68C8A49298C64FC003A9A95 /* DBConversationTests.swift */; };
		A68C8A4F298C6CC1003A9A95 /* ConversationLoader.swift in Sources */ = {isa = PBXBuildFile; fileRef = A68C8A4E298C6CC1003A9A95 /* ConversationLoader.swift */; };
		A68C8A53298C8BED003A9A95 /* Message.swift in Sources */ = {isa = PBXBuildFile; fileRef = A68C8A52298C8BED003A9A95 /* Message.swift */; };
		A69C92752994286C00E49F9B /* XMTP in Frameworks */ = {isa = PBXBuildFile; productRef = A69C92742994286C00E49F9B /* XMTP */; };
		A69C928129942DD300E49F9B /* XMTPTestHelpers in Frameworks */ = {isa = PBXBuildFile; productRef = A69C928029942DD300E49F9B /* XMTPTestHelpers */; };
		A6A5AB7A29941DC6004F5006 /* ConversationLoaderTests.swift in Sources */ = {isa = PBXBuildFile; fileRef = A6A5AB7929941DC6004F5006 /* ConversationLoaderTests.swift */; };
		C0FC8F7534D053D77C7844DE /* Pods_xmtp_inbox_ios_xmtp_inbox_iosUITests.framework in Frameworks */ = {isa = PBXBuildFile; fileRef = 317FFBF07954FD4F1A3422AD /* Pods_xmtp_inbox_ios_xmtp_inbox_iosUITests.framework */; };
		CF1B45F2A383A42721D7B5B6 /* Pods_xmtp_inbox_iosTests.framework in Frameworks */ = {isa = PBXBuildFile; fileRef = 5BAB8C6461BBE02BE6BF8821 /* Pods_xmtp_inbox_iosTests.framework */; };
		F1BB0538CF0E2195050C8888 /* Pods_xmtp_inbox_ios.framework in Frameworks */ = {isa = PBXBuildFile; fileRef = D16EA21E60F9FF562F6B944D /* Pods_xmtp_inbox_ios.framework */; };
/* End PBXBuildFile section */

/* Begin PBXContainerItemProxy section */
		6A40155529526796003A6659 /* PBXContainerItemProxy */ = {
			isa = PBXContainerItemProxy;
			containerPortal = 6A40153B29526795003A6659 /* Project object */;
			proxyType = 1;
			remoteGlobalIDString = 6A40154229526795003A6659;
			remoteInfo = "xmtp-inbox-ios";
		};
		6A40155F29526796003A6659 /* PBXContainerItemProxy */ = {
			isa = PBXContainerItemProxy;
			containerPortal = 6A40153B29526795003A6659 /* Project object */;
			proxyType = 1;
			remoteGlobalIDString = 6A40154229526795003A6659;
			remoteInfo = "xmtp-inbox-ios";
		};
		A68BCB042995BF2B001159B8 /* PBXContainerItemProxy */ = {
			isa = PBXContainerItemProxy;
			containerPortal = 6A40153B29526795003A6659 /* Project object */;
			proxyType = 1;
			remoteGlobalIDString = A68BCAFE2995BF2A001159B8;
			remoteInfo = NotificationExtension;
		};
/* End PBXContainerItemProxy section */

/* Begin PBXCopyFilesBuildPhase section */
		A68BCB0A2995BF2B001159B8 /* Embed Foundation Extensions */ = {
			isa = PBXCopyFilesBuildPhase;
			buildActionMask = 2147483647;
			dstPath = "";
			dstSubfolderSpec = 13;
			files = (
				A68BCB062995BF2B001159B8 /* NotificationExtension.appex in Embed Foundation Extensions */,
			);
			name = "Embed Foundation Extensions";
			runOnlyForDeploymentPostprocessing = 0;
		};
/* End PBXCopyFilesBuildPhase section */

/* Begin PBXFileReference section */
		100928431A8C9CC1828763FE /* Pods-NotificationExtension.debug.xcconfig */ = {isa = PBXFileReference; includeInIndex = 1; lastKnownFileType = text.xcconfig; name = "Pods-NotificationExtension.debug.xcconfig"; path = "Target Support Files/Pods-NotificationExtension/Pods-NotificationExtension.debug.xcconfig"; sourceTree = "<group>"; };
		317FFBF07954FD4F1A3422AD /* Pods_xmtp_inbox_ios_xmtp_inbox_iosUITests.framework */ = {isa = PBXFileReference; explicitFileType = wrapper.framework; includeInIndex = 0; path = Pods_xmtp_inbox_ios_xmtp_inbox_iosUITests.framework; sourceTree = BUILT_PRODUCTS_DIR; };
		4024CC65EA8A5D552F8FC50D /* Pods-xmtp-inbox-ios.debug.xcconfig */ = {isa = PBXFileReference; includeInIndex = 1; lastKnownFileType = text.xcconfig; name = "Pods-xmtp-inbox-ios.debug.xcconfig"; path = "Target Support Files/Pods-xmtp-inbox-ios/Pods-xmtp-inbox-ios.debug.xcconfig"; sourceTree = "<group>"; };
		584FE685FA5E0C6A8F3C1422 /* Pods-NotificationExtension.release.xcconfig */ = {isa = PBXFileReference; includeInIndex = 1; lastKnownFileType = text.xcconfig; name = "Pods-NotificationExtension.release.xcconfig"; path = "Target Support Files/Pods-NotificationExtension/Pods-NotificationExtension.release.xcconfig"; sourceTree = "<group>"; };
		5BAB8C6461BBE02BE6BF8821 /* Pods_xmtp_inbox_iosTests.framework */ = {isa = PBXFileReference; explicitFileType = wrapper.framework; includeInIndex = 0; path = Pods_xmtp_inbox_iosTests.framework; sourceTree = BUILT_PRODUCTS_DIR; };
		69C4CF1B1E80E981935F0A82 /* Pods-xmtp-inbox-iosTests.release.xcconfig */ = {isa = PBXFileReference; includeInIndex = 1; lastKnownFileType = text.xcconfig; name = "Pods-xmtp-inbox-iosTests.release.xcconfig"; path = "Target Support Files/Pods-xmtp-inbox-iosTests/Pods-xmtp-inbox-iosTests.release.xcconfig"; sourceTree = "<group>"; };
		6A1ABA7729773EA4001E0B41 /* Keystore.swift */ = {isa = PBXFileReference; lastKnownFileType = sourcecode.swift; path = Keystore.swift; sourceTree = "<group>"; };
		6A1C37D72970D1BD00AF6559 /* ConversationCellView.swift */ = {isa = PBXFileReference; lastKnownFileType = sourcecode.swift; path = ConversationCellView.swift; sourceTree = "<group>"; };
		6A40154329526795003A6659 /* xmtp-inbox-ios.app */ = {isa = PBXFileReference; explicitFileType = wrapper.application; includeInIndex = 0; path = "xmtp-inbox-ios.app"; sourceTree = BUILT_PRODUCTS_DIR; };
		6A40154629526795003A6659 /* xmtp_inbox_iosApp.swift */ = {isa = PBXFileReference; lastKnownFileType = sourcecode.swift; path = xmtp_inbox_iosApp.swift; sourceTree = "<group>"; };
		6A40154829526795003A6659 /* ContentView.swift */ = {isa = PBXFileReference; lastKnownFileType = sourcecode.swift; path = ContentView.swift; sourceTree = "<group>"; };
		6A40154A29526796003A6659 /* Assets.xcassets */ = {isa = PBXFileReference; lastKnownFileType = folder.assetcatalog; path = Assets.xcassets; sourceTree = "<group>"; };
		6A40154C29526796003A6659 /* xmtp_inbox_ios.entitlements */ = {isa = PBXFileReference; lastKnownFileType = text.plist.entitlements; path = xmtp_inbox_ios.entitlements; sourceTree = "<group>"; };
		6A40154E29526796003A6659 /* Preview Assets.xcassets */ = {isa = PBXFileReference; lastKnownFileType = folder.assetcatalog; path = "Preview Assets.xcassets"; sourceTree = "<group>"; };
		6A40155429526796003A6659 /* xmtp-inbox-iosTests.xctest */ = {isa = PBXFileReference; explicitFileType = wrapper.cfbundle; includeInIndex = 0; path = "xmtp-inbox-iosTests.xctest"; sourceTree = BUILT_PRODUCTS_DIR; };
		6A40155829526796003A6659 /* xmtp_inbox_iosTests.swift */ = {isa = PBXFileReference; lastKnownFileType = sourcecode.swift; path = xmtp_inbox_iosTests.swift; sourceTree = "<group>"; };
		6A40155E29526796003A6659 /* xmtp-inbox-iosUITests.xctest */ = {isa = PBXFileReference; explicitFileType = wrapper.cfbundle; includeInIndex = 0; path = "xmtp-inbox-iosUITests.xctest"; sourceTree = BUILT_PRODUCTS_DIR; };
		6A40156229526796003A6659 /* xmtp_inbox_iosUITests.swift */ = {isa = PBXFileReference; lastKnownFileType = sourcecode.swift; path = xmtp_inbox_iosUITests.swift; sourceTree = "<group>"; };
		6A40157929529F85003A6659 /* HomeView.swift */ = {isa = PBXFileReference; lastKnownFileType = sourcecode.swift; path = HomeView.swift; sourceTree = "<group>"; };
		6A40157C2952AEFB003A6659 /* ColorExtensions.swift */ = {isa = PBXFileReference; lastKnownFileType = sourcecode.swift; path = ColorExtensions.swift; sourceTree = "<group>"; };
		6A40157E2952B237003A6659 /* FontExtensions.swift */ = {isa = PBXFileReference; lastKnownFileType = sourcecode.swift; path = FontExtensions.swift; sourceTree = "<group>"; };
		6A4612FE298177B300346D68 /* Auth.swift */ = {isa = PBXFileReference; lastKnownFileType = sourcecode.swift; path = Auth.swift; sourceTree = "<group>"; };
		6A4613002981826B00346D68 /* MessageComposerView.swift */ = {isa = PBXFileReference; lastKnownFileType = sourcecode.swift; path = MessageComposerView.swift; sourceTree = "<group>"; };
		6A4613022981831D00346D68 /* ConversationDetailView.swift */ = {isa = PBXFileReference; lastKnownFileType = sourcecode.swift; path = ConversationDetailView.swift; sourceTree = "<group>"; };
		6A4613042981836F00346D68 /* MessageListView.swift */ = {isa = PBXFileReference; lastKnownFileType = sourcecode.swift; path = MessageListView.swift; sourceTree = "<group>"; };
		6A461306298183A600346D68 /* MessageCellView.swift */ = {isa = PBXFileReference; lastKnownFileType = sourcecode.swift; path = MessageCellView.swift; sourceTree = "<group>"; };
		6A461308298191F700346D68 /* DisplayName.swift */ = {isa = PBXFileReference; lastKnownFileType = sourcecode.swift; path = DisplayName.swift; sourceTree = "<group>"; };
		6A46130A2981ABF500346D68 /* ViewExtensions.swift */ = {isa = PBXFileReference; lastKnownFileType = sourcecode.swift; path = ViewExtensions.swift; sourceTree = "<group>"; };
		6A4613182982080E00346D68 /* AlertExtensions.swift */ = {isa = PBXFileReference; lastKnownFileType = sourcecode.swift; path = AlertExtensions.swift; sourceTree = "<group>"; };
		6A46131A2982118500346D68 /* ErrorViewModel.swift */ = {isa = PBXFileReference; lastKnownFileType = sourcecode.swift; path = ErrorViewModel.swift; sourceTree = "<group>"; };
		6A46132829831BD800346D68 /* AccountView.swift */ = {isa = PBXFileReference; lastKnownFileType = sourcecode.swift; path = AccountView.swift; sourceTree = "<group>"; };
		6A58A3AD29943D82009F62D0 /* FloatingButton.swift */ = {isa = PBXFileReference; lastKnownFileType = sourcecode.swift; path = FloatingButton.swift; sourceTree = "<group>"; };
		6A58A3AF29968A85009F62D0 /* NewMessageView.swift */ = {isa = PBXFileReference; lastKnownFileType = sourcecode.swift; path = NewMessageView.swift; sourceTree = "<group>"; };
		6A5DA489298C03A700CEA7CD /* DateExtensions.swift */ = {isa = PBXFileReference; lastKnownFileType = sourcecode.swift; path = DateExtensions.swift; sourceTree = "<group>"; };
		6AA65967297B2A7100E980AD /* WalletConnection.swift */ = {isa = PBXFileReference; lastKnownFileType = sourcecode.swift; path = WalletConnection.swift; sourceTree = "<group>"; };
		6AA65969297B2C4000E980AD /* Info.plist */ = {isa = PBXFileReference; lastKnownFileType = text.plist; path = Info.plist; sourceTree = "<group>"; };
		6AA6596A297B2DB000E980AD /* Account.swift */ = {isa = PBXFileReference; lastKnownFileType = sourcecode.swift; path = Account.swift; sourceTree = "<group>"; };
		6ABDB41D2954A7070082EC42 /* SplashView.swift */ = {isa = PBXFileReference; fileEncoding = 4; lastKnownFileType = sourcecode.swift; path = SplashView.swift; sourceTree = "<group>"; };
		6AC5CFB22953FA750046325C /* .swiftformat */ = {isa = PBXFileReference; lastKnownFileType = text; path = .swiftformat; sourceTree = "<group>"; };
		6ACD972E298AE3F000C6AD66 /* HapticButton.swift */ = {isa = PBXFileReference; lastKnownFileType = sourcecode.swift; path = HapticButton.swift; sourceTree = "<group>"; };
		6AE264E52973D3CD0055250A /* README.md */ = {isa = PBXFileReference; lastKnownFileType = net.daringfireball.markdown; path = README.md; sourceTree = "<group>"; };
		6AE264EC2975EFD40055250A /* Constants.swift */ = {isa = PBXFileReference; lastKnownFileType = sourcecode.swift; path = Constants.swift; sourceTree = "<group>"; };
		6AE264EE2975F2570055250A /* EnsImageView.swift */ = {isa = PBXFileReference; lastKnownFileType = sourcecode.swift; path = EnsImageView.swift; sourceTree = "<group>"; };
		6AE264F22975FD270055250A /* StringExtensions.swift */ = {isa = PBXFileReference; lastKnownFileType = sourcecode.swift; path = StringExtensions.swift; sourceTree = "<group>"; };
		6AF033ED2954CF3F0043FB6A /* Localizable.strings */ = {isa = PBXFileReference; lastKnownFileType = text.plist.strings; path = Localizable.strings; sourceTree = "<group>"; };
		6AF033EF2954F62A0043FB6A /* ConversationListView.swift */ = {isa = PBXFileReference; lastKnownFileType = sourcecode.swift; path = ConversationListView.swift; sourceTree = "<group>"; };
		6AF033F12954F8560043FB6A /* PreviewClientProvider.swift */ = {isa = PBXFileReference; lastKnownFileType = sourcecode.swift; path = PreviewClientProvider.swift; sourceTree = "<group>"; };
		6AF033F3295504B70043FB6A /* Print.swift */ = {isa = PBXFileReference; lastKnownFileType = sourcecode.swift; path = Print.swift; sourceTree = "<group>"; };
		7E2FCF1D984B2A694A607529 /* Pods-xmtp-inbox-ios-xmtp-inbox-iosUITests.release.xcconfig */ = {isa = PBXFileReference; includeInIndex = 1; lastKnownFileType = text.xcconfig; name = "Pods-xmtp-inbox-ios-xmtp-inbox-iosUITests.release.xcconfig"; path = "Target Support Files/Pods-xmtp-inbox-ios-xmtp-inbox-iosUITests/Pods-xmtp-inbox-ios-xmtp-inbox-iosUITests.release.xcconfig"; sourceTree = "<group>"; };
		8231B72E0F6265F7F4F5CE0C /* Pods_NotificationExtension.framework */ = {isa = PBXFileReference; explicitFileType = wrapper.framework; includeInIndex = 0; path = Pods_NotificationExtension.framework; sourceTree = BUILT_PRODUCTS_DIR; };
		9B491ED89471263D2CAFB3CB /* Pods-xmtp-inbox-ios.release.xcconfig */ = {isa = PBXFileReference; includeInIndex = 1; lastKnownFileType = text.xcconfig; name = "Pods-xmtp-inbox-ios.release.xcconfig"; path = "Target Support Files/Pods-xmtp-inbox-ios/Pods-xmtp-inbox-ios.release.xcconfig"; sourceTree = "<group>"; };
		A6292C30299415E4004B5A27 /* SQLDebuggerView.swift */ = {isa = PBXFileReference; lastKnownFileType = sourcecode.swift; path = SQLDebuggerView.swift; sourceTree = "<group>"; };
		A65544A5298C5AA8005337C3 /* Podfile */ = {isa = PBXFileReference; lastKnownFileType = text; path = Podfile; sourceTree = "<group>"; xcLanguageSpecificationIdentifier = xcode.lang.ruby; };
		A663399E2989CF1600477E2E /* Secrets.xcconfig */ = {isa = PBXFileReference; lastKnownFileType = text.xcconfig; path = Secrets.xcconfig; sourceTree = "<group>"; };
		A663399F2989D14400477E2E /* QRCode.swift */ = {isa = PBXFileReference; lastKnownFileType = sourcecode.swift; path = QRCode.swift; sourceTree = "<group>"; };
		A66339A12989D1FE00477E2E /* QRCodeView.swift */ = {isa = PBXFileReference; lastKnownFileType = sourcecode.swift; path = QRCodeView.swift; sourceTree = "<group>"; };
		A671F7192992C01900C0F36D /* KeyStoreTests.swift */ = {isa = PBXFileReference; lastKnownFileType = sourcecode.swift; path = KeyStoreTests.swift; sourceTree = "<group>"; };
		A677CE9E298CADF000055697 /* ENS.swift */ = {isa = PBXFileReference; lastKnownFileType = sourcecode.swift; path = ENS.swift; sourceTree = "<group>"; };
		A677CEA5298CB97100055697 /* MessageLoader.swift */ = {isa = PBXFileReference; lastKnownFileType = sourcecode.swift; path = MessageLoader.swift; sourceTree = "<group>"; };
		A682B1E9298B074700121651 /* ci_post_clone.sh */ = {isa = PBXFileReference; lastKnownFileType = text.script.sh; path = ci_post_clone.sh; sourceTree = "<group>"; };
		A68BCAF629959374001159B8 /* ConversationTopic.swift */ = {isa = PBXFileReference; lastKnownFileType = sourcecode.swift; path = ConversationTopic.swift; sourceTree = "<group>"; };
		A68BCAFF2995BF2A001159B8 /* NotificationExtension.appex */ = {isa = PBXFileReference; explicitFileType = "wrapper.app-extension"; includeInIndex = 0; path = NotificationExtension.appex; sourceTree = BUILT_PRODUCTS_DIR; };
		A68BCB012995BF2B001159B8 /* NotificationService.swift */ = {isa = PBXFileReference; lastKnownFileType = sourcecode.swift; path = NotificationService.swift; sourceTree = "<group>"; };
		A68BCB032995BF2B001159B8 /* Info.plist */ = {isa = PBXFileReference; lastKnownFileType = text.plist.xml; path = Info.plist; sourceTree = "<group>"; };
		A68BCB0B2995C02F001159B8 /* AppGroup.swift */ = {isa = PBXFileReference; lastKnownFileType = sourcecode.swift; path = AppGroup.swift; sourceTree = "<group>"; };
		A68BCB182995C12B001159B8 /* Pods_xmtp_inbox_ios.framework */ = {isa = PBXFileReference; explicitFileType = wrapper.framework; path = Pods_xmtp_inbox_ios.framework; sourceTree = BUILT_PRODUCTS_DIR; };
		A68BCB1A2995C138001159B8 /* GRDB.framework */ = {isa = PBXFileReference; explicitFileType = wrapper.framework; path = GRDB.framework; sourceTree = BUILT_PRODUCTS_DIR; };
		A68BCB1F2995C1BE001159B8 /* GRDB.framework */ = {isa = PBXFileReference; explicitFileType = wrapper.framework; path = GRDB.framework; sourceTree = BUILT_PRODUCTS_DIR; };
		A68BCB212995C1C0001159B8 /* SQLCipher.framework */ = {isa = PBXFileReference; explicitFileType = wrapper.framework; path = SQLCipher.framework; sourceTree = BUILT_PRODUCTS_DIR; };
		A68BCB232995C256001159B8 /* Pods_xmtp_inbox_ios.framework */ = {isa = PBXFileReference; explicitFileType = wrapper.framework; path = Pods_xmtp_inbox_ios.framework; sourceTree = BUILT_PRODUCTS_DIR; };
		A68BCB2F2995C454001159B8 /* NotificationExtension.entitlements */ = {isa = PBXFileReference; lastKnownFileType = text.plist.entitlements; path = NotificationExtension.entitlements; sourceTree = "<group>"; };
		A68C8A43298C5D97003A9A95 /* DB.swift */ = {isa = PBXFileReference; lastKnownFileType = sourcecode.swift; path = DB.swift; sourceTree = "<group>"; };
		A68C8A45298C61C6003A9A95 /* Model.swift */ = {isa = PBXFileReference; lastKnownFileType = sourcecode.swift; path = Model.swift; sourceTree = "<group>"; };
		A68C8A47298C61E9003A9A95 /* Conversation.swift */ = {isa = PBXFileReference; lastKnownFileType = sourcecode.swift; path = Conversation.swift; sourceTree = "<group>"; };
		A68C8A49298C64FC003A9A95 /* DBConversationTests.swift */ = {isa = PBXFileReference; lastKnownFileType = sourcecode.swift; path = DBConversationTests.swift; sourceTree = "<group>"; };
		A68C8A4E298C6CC1003A9A95 /* ConversationLoader.swift */ = {isa = PBXFileReference; lastKnownFileType = sourcecode.swift; path = ConversationLoader.swift; sourceTree = "<group>"; };
		A68C8A52298C8BED003A9A95 /* Message.swift */ = {isa = PBXFileReference; lastKnownFileType = sourcecode.swift; path = Message.swift; sourceTree = "<group>"; };
		A6A5AB7929941DC6004F5006 /* ConversationLoaderTests.swift */ = {isa = PBXFileReference; lastKnownFileType = sourcecode.swift; path = ConversationLoaderTests.swift; sourceTree = "<group>"; };
		C99AE74FEC77F3029E8F36C6 /* Pods-xmtp-inbox-iosTests.debug.xcconfig */ = {isa = PBXFileReference; includeInIndex = 1; lastKnownFileType = text.xcconfig; name = "Pods-xmtp-inbox-iosTests.debug.xcconfig"; path = "Target Support Files/Pods-xmtp-inbox-iosTests/Pods-xmtp-inbox-iosTests.debug.xcconfig"; sourceTree = "<group>"; };
		D16EA21E60F9FF562F6B944D /* Pods_xmtp_inbox_ios.framework */ = {isa = PBXFileReference; explicitFileType = wrapper.framework; includeInIndex = 0; path = Pods_xmtp_inbox_ios.framework; sourceTree = BUILT_PRODUCTS_DIR; };
		D2668044F5BCBB4A1437CAED /* Pods-xmtp-inbox-ios-xmtp-inbox-iosUITests.debug.xcconfig */ = {isa = PBXFileReference; includeInIndex = 1; lastKnownFileType = text.xcconfig; name = "Pods-xmtp-inbox-ios-xmtp-inbox-iosUITests.debug.xcconfig"; path = "Target Support Files/Pods-xmtp-inbox-ios-xmtp-inbox-iosUITests/Pods-xmtp-inbox-ios-xmtp-inbox-iosUITests.debug.xcconfig"; sourceTree = "<group>"; };
/* End PBXFileReference section */

/* Begin PBXFrameworksBuildPhase section */
		6A40154029526795003A6659 /* Frameworks */ = {
			isa = PBXFrameworksBuildPhase;
			buildActionMask = 2147483647;
			files = (
				6AE264EB2974F62B0055250A /* IGIdenticon in Frameworks */,
				A69C92752994286C00E49F9B /* XMTP in Frameworks */,
				A68BCB322995C4EE001159B8 /* KeychainAccess in Frameworks */,
				6AE264E82974E63F0055250A /* ENSKit in Frameworks */,
				6AA65965297B2A2200E980AD /* WalletConnectSwift in Frameworks */,
				6A4613112981F96300346D68 /* AlertToast in Frameworks */,
				6A1C37DE2971A3C900AF6559 /* web3.swift in Frameworks */,
				F1BB0538CF0E2195050C8888 /* Pods_xmtp_inbox_ios.framework in Frameworks */,
				7B64A5C6D3C770004C79B5E8 /* Pods_xmtp_inbox_ios.framework in Frameworks */,
			);
			runOnlyForDeploymentPostprocessing = 0;
		};
		6A40155129526796003A6659 /* Frameworks */ = {
			isa = PBXFrameworksBuildPhase;
			buildActionMask = 2147483647;
			files = (
				CF1B45F2A383A42721D7B5B6 /* Pods_xmtp_inbox_iosTests.framework in Frameworks */,
				A69C928129942DD300E49F9B /* XMTPTestHelpers in Frameworks */,
			);
			runOnlyForDeploymentPostprocessing = 0;
		};
		6A40155B29526796003A6659 /* Frameworks */ = {
			isa = PBXFrameworksBuildPhase;
			buildActionMask = 2147483647;
			files = (
				C0FC8F7534D053D77C7844DE /* Pods_xmtp_inbox_ios_xmtp_inbox_iosUITests.framework in Frameworks */,
			);
			runOnlyForDeploymentPostprocessing = 0;
		};
		A68BCAFC2995BF2A001159B8 /* Frameworks */ = {
			isa = PBXFrameworksBuildPhase;
			buildActionMask = 2147483647;
			files = (
				55AF3EF3031566D294C76287 /* Pods_NotificationExtension.framework in Frameworks */,
				A68BCB262995C2C4001159B8 /* XMTP in Frameworks */,
				A68BCB342995C538001159B8 /* KeychainAccess in Frameworks */,
			);
			runOnlyForDeploymentPostprocessing = 0;
		};
/* End PBXFrameworksBuildPhase section */

/* Begin PBXGroup section */
		00563CB5017E78B50A0F8DD8 /* Frameworks */ = {
			isa = PBXGroup;
			children = (
				A68BCB232995C256001159B8 /* Pods_xmtp_inbox_ios.framework */,
				A68BCB212995C1C0001159B8 /* SQLCipher.framework */,
				A68BCB1F2995C1BE001159B8 /* GRDB.framework */,
				A68BCB1A2995C138001159B8 /* GRDB.framework */,
				A68BCB182995C12B001159B8 /* Pods_xmtp_inbox_ios.framework */,
				D16EA21E60F9FF562F6B944D /* Pods_xmtp_inbox_ios.framework */,
				317FFBF07954FD4F1A3422AD /* Pods_xmtp_inbox_ios_xmtp_inbox_iosUITests.framework */,
				5BAB8C6461BBE02BE6BF8821 /* Pods_xmtp_inbox_iosTests.framework */,
				8231B72E0F6265F7F4F5CE0C /* Pods_NotificationExtension.framework */,
			);
			name = Frameworks;
			sourceTree = "<group>";
		};
		6A40153A29526795003A6659 = {
			isa = PBXGroup;
			children = (
				A65544A5298C5AA8005337C3 /* Podfile */,
				A663399E2989CF1600477E2E /* Secrets.xcconfig */,
				A682B1E8298B071800121651 /* ci_scripts */,
				6AE264E52973D3CD0055250A /* README.md */,
				6A40154529526795003A6659 /* xmtp-inbox-ios */,
				6A40155729526796003A6659 /* xmtp-inbox-iosTests */,
				6A40156129526796003A6659 /* xmtp-inbox-iosUITests */,
				A68BCB002995BF2B001159B8 /* NotificationExtension */,
				6A40154429526795003A6659 /* Products */,
				CDE5052D4E36926AFC31564A /* Pods */,
				00563CB5017E78B50A0F8DD8 /* Frameworks */,
			);
			sourceTree = "<group>";
		};
		6A40154429526795003A6659 /* Products */ = {
			isa = PBXGroup;
			children = (
				6A40154329526795003A6659 /* xmtp-inbox-ios.app */,
				6A40155429526796003A6659 /* xmtp-inbox-iosTests.xctest */,
				6A40155E29526796003A6659 /* xmtp-inbox-iosUITests.xctest */,
				A68BCAFF2995BF2A001159B8 /* NotificationExtension.appex */,
			);
			name = Products;
			sourceTree = "<group>";
		};
		6A40154529526795003A6659 /* xmtp-inbox-ios */ = {
			isa = PBXGroup;
			children = (
				A68C8A4D298C6CA6003A9A95 /* Loaders */,
				A68C8A42298C5D8D003A9A95 /* Models */,
				6A4612FD298177A400346D68 /* ViewModels */,
				6AA65969297B2C4000E980AD /* Info.plist */,
				6AA65966297B2A3600E980AD /* WalletConnect */,
				6AF033F5295504CD0043FB6A /* Utilities */,
				6A40157B2952AEE4003A6659 /* Extensions */,
				6A40157429526A3C003A6659 /* Views */,
				6A40154629526795003A6659 /* xmtp_inbox_iosApp.swift */,
				6A40154829526795003A6659 /* ContentView.swift */,
				6A40154A29526796003A6659 /* Assets.xcassets */,
				6A40154C29526796003A6659 /* xmtp_inbox_ios.entitlements */,
				6A40154D29526796003A6659 /* Preview Content */,
				6AC5CFB22953FA750046325C /* .swiftformat */,
				6AF033ED2954CF3F0043FB6A /* Localizable.strings */,
				6AE264EC2975EFD40055250A /* Constants.swift */,
			);
			path = "xmtp-inbox-ios";
			sourceTree = "<group>";
		};
		6A40154D29526796003A6659 /* Preview Content */ = {
			isa = PBXGroup;
			children = (
				6A40154E29526796003A6659 /* Preview Assets.xcassets */,
			);
			path = "Preview Content";
			sourceTree = "<group>";
		};
		6A40155729526796003A6659 /* xmtp-inbox-iosTests */ = {
			isa = PBXGroup;
			children = (
				A6A5AB7829941DB8004F5006 /* Loaders */,
				6A40155829526796003A6659 /* xmtp_inbox_iosTests.swift */,
				A68C8A49298C64FC003A9A95 /* DBConversationTests.swift */,
				A671F7192992C01900C0F36D /* KeyStoreTests.swift */,
			);
			path = "xmtp-inbox-iosTests";
			sourceTree = "<group>";
		};
		6A40156129526796003A6659 /* xmtp-inbox-iosUITests */ = {
			isa = PBXGroup;
			children = (
				6A40156229526796003A6659 /* xmtp_inbox_iosUITests.swift */,
			);
			path = "xmtp-inbox-iosUITests";
			sourceTree = "<group>";
		};
		6A40157429526A3C003A6659 /* Views */ = {
			isa = PBXGroup;
			children = (
				6ABDB41D2954A7070082EC42 /* SplashView.swift */,
				6A40157929529F85003A6659 /* HomeView.swift */,
				6AF033EF2954F62A0043FB6A /* ConversationListView.swift */,
				6AF033F12954F8560043FB6A /* PreviewClientProvider.swift */,
				6A1C37D72970D1BD00AF6559 /* ConversationCellView.swift */,
				6AE264EE2975F2570055250A /* EnsImageView.swift */,
				6A4613002981826B00346D68 /* MessageComposerView.swift */,
				6A4613022981831D00346D68 /* ConversationDetailView.swift */,
				6A4613042981836F00346D68 /* MessageListView.swift */,
				6A461306298183A600346D68 /* MessageCellView.swift */,
				6A46132829831BD800346D68 /* AccountView.swift */,
				A66339A12989D1FE00477E2E /* QRCodeView.swift */,
				6ACD972E298AE3F000C6AD66 /* HapticButton.swift */,
				6A58A3AD29943D82009F62D0 /* FloatingButton.swift */,
				A6292C30299415E4004B5A27 /* SQLDebuggerView.swift */,
				6A58A3AF29968A85009F62D0 /* NewMessageView.swift */,
			);
			path = Views;
			sourceTree = "<group>";
		};
		6A40157B2952AEE4003A6659 /* Extensions */ = {
			isa = PBXGroup;
			children = (
				6A40157C2952AEFB003A6659 /* ColorExtensions.swift */,
				6A46130A2981ABF500346D68 /* ViewExtensions.swift */,
				6A40157E2952B237003A6659 /* FontExtensions.swift */,
				6AE264F22975FD270055250A /* StringExtensions.swift */,
				6A4613182982080E00346D68 /* AlertExtensions.swift */,
				6A5DA489298C03A700CEA7CD /* DateExtensions.swift */,
			);
			path = Extensions;
			sourceTree = "<group>";
		};
		6A4612FD298177A400346D68 /* ViewModels */ = {
			isa = PBXGroup;
			children = (
				6A4612FE298177B300346D68 /* Auth.swift */,
				6A461308298191F700346D68 /* DisplayName.swift */,
				6A46131A2982118500346D68 /* ErrorViewModel.swift */,
			);
			path = ViewModels;
			sourceTree = "<group>";
		};
		6AA65966297B2A3600E980AD /* WalletConnect */ = {
			isa = PBXGroup;
			children = (
				6AA65967297B2A7100E980AD /* WalletConnection.swift */,
				6AA6596A297B2DB000E980AD /* Account.swift */,
			);
			path = WalletConnect;
			sourceTree = "<group>";
		};
		6AF033F5295504CD0043FB6A /* Utilities */ = {
			isa = PBXGroup;
			children = (
				6AF033F3295504B70043FB6A /* Print.swift */,
				6A1ABA7729773EA4001E0B41 /* Keystore.swift */,
				A663399F2989D14400477E2E /* QRCode.swift */,
				A677CE9E298CADF000055697 /* ENS.swift */,
				A68BCB0B2995C02F001159B8 /* AppGroup.swift */,
			);
			path = Utilities;
			sourceTree = "<group>";
		};
		A682B1E8298B071800121651 /* ci_scripts */ = {
			isa = PBXGroup;
			children = (
				A682B1E9298B074700121651 /* ci_post_clone.sh */,
			);
			path = ci_scripts;
			sourceTree = "<group>";
		};
		A68BCB002995BF2B001159B8 /* NotificationExtension */ = {
			isa = PBXGroup;
			children = (
				A68BCB2F2995C454001159B8 /* NotificationExtension.entitlements */,
				A68BCB012995BF2B001159B8 /* NotificationService.swift */,
				A68BCB032995BF2B001159B8 /* Info.plist */,
			);
			path = NotificationExtension;
			sourceTree = "<group>";
		};
		A68C8A42298C5D8D003A9A95 /* Models */ = {
			isa = PBXGroup;
			children = (
				A68C8A43298C5D97003A9A95 /* DB.swift */,
				A68C8A45298C61C6003A9A95 /* Model.swift */,
				A68C8A47298C61E9003A9A95 /* Conversation.swift */,
				A68C8A52298C8BED003A9A95 /* Message.swift */,
				A68BCAF629959374001159B8 /* ConversationTopic.swift */,
			);
			path = Models;
			sourceTree = "<group>";
		};
		A68C8A4D298C6CA6003A9A95 /* Loaders */ = {
			isa = PBXGroup;
			children = (
				A68C8A4E298C6CC1003A9A95 /* ConversationLoader.swift */,
				A677CEA5298CB97100055697 /* MessageLoader.swift */,
			);
			path = Loaders;
			sourceTree = "<group>";
		};
		A6A5AB7829941DB8004F5006 /* Loaders */ = {
			isa = PBXGroup;
			children = (
				A6A5AB7929941DC6004F5006 /* ConversationLoaderTests.swift */,
			);
			path = Loaders;
			sourceTree = "<group>";
		};
		CDE5052D4E36926AFC31564A /* Pods */ = {
			isa = PBXGroup;
			children = (
				4024CC65EA8A5D552F8FC50D /* Pods-xmtp-inbox-ios.debug.xcconfig */,
				9B491ED89471263D2CAFB3CB /* Pods-xmtp-inbox-ios.release.xcconfig */,
				D2668044F5BCBB4A1437CAED /* Pods-xmtp-inbox-ios-xmtp-inbox-iosUITests.debug.xcconfig */,
				7E2FCF1D984B2A694A607529 /* Pods-xmtp-inbox-ios-xmtp-inbox-iosUITests.release.xcconfig */,
				C99AE74FEC77F3029E8F36C6 /* Pods-xmtp-inbox-iosTests.debug.xcconfig */,
				69C4CF1B1E80E981935F0A82 /* Pods-xmtp-inbox-iosTests.release.xcconfig */,
				100928431A8C9CC1828763FE /* Pods-NotificationExtension.debug.xcconfig */,
				584FE685FA5E0C6A8F3C1422 /* Pods-NotificationExtension.release.xcconfig */,
			);
			path = Pods;
			sourceTree = "<group>";
		};
/* End PBXGroup section */

/* Begin PBXNativeTarget section */
		6A40154229526795003A6659 /* xmtp-inbox-ios */ = {
			isa = PBXNativeTarget;
			buildConfigurationList = 6A40156829526796003A6659 /* Build configuration list for PBXNativeTarget "xmtp-inbox-ios" */;
			buildPhases = (
				8FD962ADEA91A218498A77DF /* [CP] Check Pods Manifest.lock */,
				6A40153F29526795003A6659 /* Sources */,
				6A40154029526795003A6659 /* Frameworks */,
				6A40154129526795003A6659 /* Resources */,
				6A50C65F2954BFBB0074DCA1 /* Run Script */,
				745DD2F9E461A1BD69E7DCF1 /* [CP] Embed Pods Frameworks */,
				A68BCB0A2995BF2B001159B8 /* Embed Foundation Extensions */,
			);
			buildRules = (
			);
			dependencies = (
				A68BCB052995BF2B001159B8 /* PBXTargetDependency */,
			);
			name = "xmtp-inbox-ios";
			packageProductDependencies = (
				6A1C37DD2971A3C900AF6559 /* web3.swift */,
				6AE264E72974E63F0055250A /* ENSKit */,
				6AE264EA2974F62B0055250A /* IGIdenticon */,
				6AA65964297B2A2200E980AD /* WalletConnectSwift */,
				6A4613102981F96300346D68 /* AlertToast */,
				A69C92742994286C00E49F9B /* XMTP */,
				A68BCB312995C4EE001159B8 /* KeychainAccess */,
			);
			productName = "xmtp-inbox-ios";
			productReference = 6A40154329526795003A6659 /* xmtp-inbox-ios.app */;
			productType = "com.apple.product-type.application";
		};
		6A40155329526796003A6659 /* xmtp-inbox-iosTests */ = {
			isa = PBXNativeTarget;
			buildConfigurationList = 6A40156B29526796003A6659 /* Build configuration list for PBXNativeTarget "xmtp-inbox-iosTests" */;
			buildPhases = (
				670A41EC76C50FCBD606410B /* [CP] Check Pods Manifest.lock */,
				6A40155029526796003A6659 /* Sources */,
				6A40155129526796003A6659 /* Frameworks */,
				6A40155229526796003A6659 /* Resources */,
			);
			buildRules = (
			);
			dependencies = (
				6A40155629526796003A6659 /* PBXTargetDependency */,
			);
			name = "xmtp-inbox-iosTests";
			packageProductDependencies = (
				A69C928029942DD300E49F9B /* XMTPTestHelpers */,
			);
			productName = "xmtp-inbox-iosTests";
			productReference = 6A40155429526796003A6659 /* xmtp-inbox-iosTests.xctest */;
			productType = "com.apple.product-type.bundle.unit-test";
		};
		6A40155D29526796003A6659 /* xmtp-inbox-iosUITests */ = {
			isa = PBXNativeTarget;
			buildConfigurationList = 6A40156E29526796003A6659 /* Build configuration list for PBXNativeTarget "xmtp-inbox-iosUITests" */;
			buildPhases = (
				510CFD7D4E28389B0AC480C6 /* [CP] Check Pods Manifest.lock */,
				6A40155A29526796003A6659 /* Sources */,
				6A40155B29526796003A6659 /* Frameworks */,
				6A40155C29526796003A6659 /* Resources */,
				CB6B2704853DF325B3B6C70F /* [CP] Embed Pods Frameworks */,
			);
			buildRules = (
			);
			dependencies = (
				6A40156029526796003A6659 /* PBXTargetDependency */,
			);
			name = "xmtp-inbox-iosUITests";
			productName = "xmtp-inbox-iosUITests";
			productReference = 6A40155E29526796003A6659 /* xmtp-inbox-iosUITests.xctest */;
			productType = "com.apple.product-type.bundle.ui-testing";
		};
		A68BCAFE2995BF2A001159B8 /* NotificationExtension */ = {
			isa = PBXNativeTarget;
			buildConfigurationList = A68BCB072995BF2B001159B8 /* Build configuration list for PBXNativeTarget "NotificationExtension" */;
			buildPhases = (
				DDE12A45855ACD872A5950F7 /* [CP] Check Pods Manifest.lock */,
				A68BCAFB2995BF2A001159B8 /* Sources */,
				A68BCAFC2995BF2A001159B8 /* Frameworks */,
				A68BCAFD2995BF2A001159B8 /* Resources */,
			);
			buildRules = (
			);
			dependencies = (
			);
			name = NotificationExtension;
			packageProductDependencies = (
				A68BCB252995C2C4001159B8 /* XMTP */,
				A68BCB332995C538001159B8 /* KeychainAccess */,
			);
			productName = NotificationExtension;
			productReference = A68BCAFF2995BF2A001159B8 /* NotificationExtension.appex */;
			productType = "com.apple.product-type.app-extension";
		};
/* End PBXNativeTarget section */

/* Begin PBXProject section */
		6A40153B29526795003A6659 /* Project object */ = {
			isa = PBXProject;
			attributes = {
				BuildIndependentTargetsInParallel = 1;
				LastSwiftUpdateCheck = 1420;
				LastUpgradeCheck = 1410;
				TargetAttributes = {
					6A40154229526795003A6659 = {
						CreatedOnToolsVersion = 14.1;
					};
					6A40155329526796003A6659 = {
						CreatedOnToolsVersion = 14.1;
						TestTargetID = 6A40154229526795003A6659;
					};
					6A40155D29526796003A6659 = {
						CreatedOnToolsVersion = 14.1;
						TestTargetID = 6A40154229526795003A6659;
					};
					A68BCAFE2995BF2A001159B8 = {
						CreatedOnToolsVersion = 14.2;
					};
				};
			};
			buildConfigurationList = 6A40153E29526795003A6659 /* Build configuration list for PBXProject "xmtp-inbox-ios" */;
			compatibilityVersion = "Xcode 14.0";
			developmentRegion = en;
			hasScannedForEncodings = 0;
			knownRegions = (
				en,
				Base,
			);
			mainGroup = 6A40153A29526795003A6659;
			packageReferences = (
				6A1C37DC2971A3C900AF6559 /* XCRemoteSwiftPackageReference "web3" */,
				6AE264E62974E63F0055250A /* XCRemoteSwiftPackageReference "ENSKit" */,
				6AE264E92974F62B0055250A /* XCRemoteSwiftPackageReference "IGIdenticon" */,
				6AA65963297B2A2200E980AD /* XCRemoteSwiftPackageReference "WalletConnectSwift" */,
				6A46130F2981F96300346D68 /* XCRemoteSwiftPackageReference "AlertToast" */,
				A69C92732994286C00E49F9B /* XCRemoteSwiftPackageReference "xmtp-ios" */,
				A68BCB302995C4EE001159B8 /* XCRemoteSwiftPackageReference "KeychainAccess" */,
			);
			productRefGroup = 6A40154429526795003A6659 /* Products */;
			projectDirPath = "";
			projectRoot = "";
			targets = (
				6A40154229526795003A6659 /* xmtp-inbox-ios */,
				6A40155329526796003A6659 /* xmtp-inbox-iosTests */,
				6A40155D29526796003A6659 /* xmtp-inbox-iosUITests */,
				A68BCAFE2995BF2A001159B8 /* NotificationExtension */,
			);
		};
/* End PBXProject section */

/* Begin PBXResourcesBuildPhase section */
		6A40154129526795003A6659 /* Resources */ = {
			isa = PBXResourcesBuildPhase;
			buildActionMask = 2147483647;
			files = (
				6AF033EE2954CF3F0043FB6A /* Localizable.strings in Resources */,
				6AC5CFB32953FA750046325C /* .swiftformat in Resources */,
				6A40154F29526796003A6659 /* Preview Assets.xcassets in Resources */,
				6A40154B29526796003A6659 /* Assets.xcassets in Resources */,
			);
			runOnlyForDeploymentPostprocessing = 0;
		};
		6A40155229526796003A6659 /* Resources */ = {
			isa = PBXResourcesBuildPhase;
			buildActionMask = 2147483647;
			files = (
			);
			runOnlyForDeploymentPostprocessing = 0;
		};
		6A40155C29526796003A6659 /* Resources */ = {
			isa = PBXResourcesBuildPhase;
			buildActionMask = 2147483647;
			files = (
			);
			runOnlyForDeploymentPostprocessing = 0;
		};
		A68BCAFD2995BF2A001159B8 /* Resources */ = {
			isa = PBXResourcesBuildPhase;
			buildActionMask = 2147483647;
			files = (
			);
			runOnlyForDeploymentPostprocessing = 0;
		};
/* End PBXResourcesBuildPhase section */

/* Begin PBXShellScriptBuildPhase section */
		510CFD7D4E28389B0AC480C6 /* [CP] Check Pods Manifest.lock */ = {
			isa = PBXShellScriptBuildPhase;
			buildActionMask = 2147483647;
			files = (
			);
			inputFileListPaths = (
			);
			inputPaths = (
				"${PODS_PODFILE_DIR_PATH}/Podfile.lock",
				"${PODS_ROOT}/Manifest.lock",
			);
			name = "[CP] Check Pods Manifest.lock";
			outputFileListPaths = (
			);
			outputPaths = (
				"$(DERIVED_FILE_DIR)/Pods-xmtp-inbox-ios-xmtp-inbox-iosUITests-checkManifestLockResult.txt",
			);
			runOnlyForDeploymentPostprocessing = 0;
			shellPath = /bin/sh;
			shellScript = "diff \"${PODS_PODFILE_DIR_PATH}/Podfile.lock\" \"${PODS_ROOT}/Manifest.lock\" > /dev/null\nif [ $? != 0 ] ; then\n    # print error to STDERR\n    echo \"error: The sandbox is not in sync with the Podfile.lock. Run 'pod install' or update your CocoaPods installation.\" >&2\n    exit 1\nfi\n# This output is used by Xcode 'outputs' to avoid re-running this script phase.\necho \"SUCCESS\" > \"${SCRIPT_OUTPUT_FILE_0}\"\n";
			showEnvVarsInLog = 0;
		};
		670A41EC76C50FCBD606410B /* [CP] Check Pods Manifest.lock */ = {
			isa = PBXShellScriptBuildPhase;
			buildActionMask = 2147483647;
			files = (
			);
			inputFileListPaths = (
			);
			inputPaths = (
				"${PODS_PODFILE_DIR_PATH}/Podfile.lock",
				"${PODS_ROOT}/Manifest.lock",
			);
			name = "[CP] Check Pods Manifest.lock";
			outputFileListPaths = (
			);
			outputPaths = (
				"$(DERIVED_FILE_DIR)/Pods-xmtp-inbox-iosTests-checkManifestLockResult.txt",
			);
			runOnlyForDeploymentPostprocessing = 0;
			shellPath = /bin/sh;
			shellScript = "diff \"${PODS_PODFILE_DIR_PATH}/Podfile.lock\" \"${PODS_ROOT}/Manifest.lock\" > /dev/null\nif [ $? != 0 ] ; then\n    # print error to STDERR\n    echo \"error: The sandbox is not in sync with the Podfile.lock. Run 'pod install' or update your CocoaPods installation.\" >&2\n    exit 1\nfi\n# This output is used by Xcode 'outputs' to avoid re-running this script phase.\necho \"SUCCESS\" > \"${SCRIPT_OUTPUT_FILE_0}\"\n";
			showEnvVarsInLog = 0;
		};
		6A50C65F2954BFBB0074DCA1 /* Run Script */ = {
			isa = PBXShellScriptBuildPhase;
			alwaysOutOfDate = 1;
			buildActionMask = 2147483647;
			files = (
			);
			inputFileListPaths = (
			);
			inputPaths = (
			);
			name = "Run Script";
			outputFileListPaths = (
			);
			outputPaths = (
			);
			runOnlyForDeploymentPostprocessing = 0;
			shellPath = /bin/sh;
			shellScript = "# Type a script or drag a script file from your workspace to insert its path.\nexport PATH=\"$PATH:/opt/homebrew/bin\"\nif which swiftlint > /dev/null; then\n  swiftlint xmtp-inbox-ios/**/*.swift\nelse\n  echo \"warning: swiftlint not installed, run `brew install swiftlint`\"\nfi\n";
		};
		745DD2F9E461A1BD69E7DCF1 /* [CP] Embed Pods Frameworks */ = {
			isa = PBXShellScriptBuildPhase;
			buildActionMask = 2147483647;
			files = (
			);
			inputFileListPaths = (
				"${PODS_ROOT}/Target Support Files/Pods-xmtp-inbox-ios/Pods-xmtp-inbox-ios-frameworks-${CONFIGURATION}-input-files.xcfilelist",
			);
			name = "[CP] Embed Pods Frameworks";
			outputFileListPaths = (
				"${PODS_ROOT}/Target Support Files/Pods-xmtp-inbox-ios/Pods-xmtp-inbox-ios-frameworks-${CONFIGURATION}-output-files.xcfilelist",
			);
			runOnlyForDeploymentPostprocessing = 0;
			shellPath = /bin/sh;
			shellScript = "\"${PODS_ROOT}/Target Support Files/Pods-xmtp-inbox-ios/Pods-xmtp-inbox-ios-frameworks.sh\"\n";
			showEnvVarsInLog = 0;
		};
		8FD962ADEA91A218498A77DF /* [CP] Check Pods Manifest.lock */ = {
			isa = PBXShellScriptBuildPhase;
			buildActionMask = 2147483647;
			files = (
			);
			inputFileListPaths = (
			);
			inputPaths = (
				"${PODS_PODFILE_DIR_PATH}/Podfile.lock",
				"${PODS_ROOT}/Manifest.lock",
			);
			name = "[CP] Check Pods Manifest.lock";
			outputFileListPaths = (
			);
			outputPaths = (
				"$(DERIVED_FILE_DIR)/Pods-xmtp-inbox-ios-checkManifestLockResult.txt",
			);
			runOnlyForDeploymentPostprocessing = 0;
			shellPath = /bin/sh;
			shellScript = "diff \"${PODS_PODFILE_DIR_PATH}/Podfile.lock\" \"${PODS_ROOT}/Manifest.lock\" > /dev/null\nif [ $? != 0 ] ; then\n    # print error to STDERR\n    echo \"error: The sandbox is not in sync with the Podfile.lock. Run 'pod install' or update your CocoaPods installation.\" >&2\n    exit 1\nfi\n# This output is used by Xcode 'outputs' to avoid re-running this script phase.\necho \"SUCCESS\" > \"${SCRIPT_OUTPUT_FILE_0}\"\n";
			showEnvVarsInLog = 0;
		};
		CB6B2704853DF325B3B6C70F /* [CP] Embed Pods Frameworks */ = {
			isa = PBXShellScriptBuildPhase;
			buildActionMask = 2147483647;
			files = (
			);
			inputFileListPaths = (
				"${PODS_ROOT}/Target Support Files/Pods-xmtp-inbox-ios-xmtp-inbox-iosUITests/Pods-xmtp-inbox-ios-xmtp-inbox-iosUITests-frameworks-${CONFIGURATION}-input-files.xcfilelist",
			);
			name = "[CP] Embed Pods Frameworks";
			outputFileListPaths = (
				"${PODS_ROOT}/Target Support Files/Pods-xmtp-inbox-ios-xmtp-inbox-iosUITests/Pods-xmtp-inbox-ios-xmtp-inbox-iosUITests-frameworks-${CONFIGURATION}-output-files.xcfilelist",
			);
			runOnlyForDeploymentPostprocessing = 0;
			shellPath = /bin/sh;
			shellScript = "\"${PODS_ROOT}/Target Support Files/Pods-xmtp-inbox-ios-xmtp-inbox-iosUITests/Pods-xmtp-inbox-ios-xmtp-inbox-iosUITests-frameworks.sh\"\n";
			showEnvVarsInLog = 0;
		};
		DDE12A45855ACD872A5950F7 /* [CP] Check Pods Manifest.lock */ = {
			isa = PBXShellScriptBuildPhase;
			buildActionMask = 2147483647;
			files = (
			);
			inputFileListPaths = (
			);
			inputPaths = (
				"${PODS_PODFILE_DIR_PATH}/Podfile.lock",
				"${PODS_ROOT}/Manifest.lock",
			);
			name = "[CP] Check Pods Manifest.lock";
			outputFileListPaths = (
			);
			outputPaths = (
				"$(DERIVED_FILE_DIR)/Pods-NotificationExtension-checkManifestLockResult.txt",
			);
			runOnlyForDeploymentPostprocessing = 0;
			shellPath = /bin/sh;
			shellScript = "diff \"${PODS_PODFILE_DIR_PATH}/Podfile.lock\" \"${PODS_ROOT}/Manifest.lock\" > /dev/null\nif [ $? != 0 ] ; then\n    # print error to STDERR\n    echo \"error: The sandbox is not in sync with the Podfile.lock. Run 'pod install' or update your CocoaPods installation.\" >&2\n    exit 1\nfi\n# This output is used by Xcode 'outputs' to avoid re-running this script phase.\necho \"SUCCESS\" > \"${SCRIPT_OUTPUT_FILE_0}\"\n";
			showEnvVarsInLog = 0;
		};
/* End PBXShellScriptBuildPhase section */

/* Begin PBXSourcesBuildPhase section */
		6A40153F29526795003A6659 /* Sources */ = {
			isa = PBXSourcesBuildPhase;
			buildActionMask = 2147483647;
			files = (
				6A40157A29529F85003A6659 /* HomeView.swift in Sources */,
				6A4613032981831D00346D68 /* ConversationDetailView.swift in Sources */,
				6A40154929526795003A6659 /* ContentView.swift in Sources */,
				6A1C37D82970D1BD00AF6559 /* ConversationCellView.swift in Sources */,
				A66339A22989D1FE00477E2E /* QRCodeView.swift in Sources */,
				6AF033F22954F8560043FB6A /* PreviewClientProvider.swift in Sources */,
				6A46132929831BD800346D68 /* AccountView.swift in Sources */,
				6AF033F02954F62A0043FB6A /* ConversationListView.swift in Sources */,
				A6292C31299415E4004B5A27 /* SQLDebuggerView.swift in Sources */,
				6AA6596B297B2DB000E980AD /* Account.swift in Sources */,
				6A461309298191F700346D68 /* DisplayName.swift in Sources */,
				6A4613192982080E00346D68 /* AlertExtensions.swift in Sources */,
				6A5DA48A298C03A700CEA7CD /* DateExtensions.swift in Sources */,
				6A46131B2982118500346D68 /* ErrorViewModel.swift in Sources */,
				6A40157F2952B237003A6659 /* FontExtensions.swift in Sources */,
				6A4613052981836F00346D68 /* MessageListView.swift in Sources */,
				A68C8A44298C5D97003A9A95 /* DB.swift in Sources */,
				6A4612FF298177B300346D68 /* Auth.swift in Sources */,
				6A40154729526795003A6659 /* xmtp_inbox_iosApp.swift in Sources */,
				6A40157D2952AEFB003A6659 /* ColorExtensions.swift in Sources */,
				6ACD972F298AE3F000C6AD66 /* HapticButton.swift in Sources */,
				6ABDB41E2954A7070082EC42 /* SplashView.swift in Sources */,
				A677CE9F298CADF000055697 /* ENS.swift in Sources */,
				6AF033F4295504B70043FB6A /* Print.swift in Sources */,
				6A58A3AE29943D82009F62D0 /* FloatingButton.swift in Sources */,
				A677CEA6298CB97100055697 /* MessageLoader.swift in Sources */,
				6A4613012981826B00346D68 /* MessageComposerView.swift in Sources */,
				A68BCB0C2995C02F001159B8 /* AppGroup.swift in Sources */,
				A68C8A4F298C6CC1003A9A95 /* ConversationLoader.swift in Sources */,
				A68BCAF729959374001159B8 /* ConversationTopic.swift in Sources */,
				A68C8A46298C61C6003A9A95 /* Model.swift in Sources */,
				6A46130B2981ABF500346D68 /* ViewExtensions.swift in Sources */,
				6AE264F32975FD270055250A /* StringExtensions.swift in Sources */,
				A68C8A53298C8BED003A9A95 /* Message.swift in Sources */,
				6A1ABA7829773EA4001E0B41 /* Keystore.swift in Sources */,
				A68C8A48298C61E9003A9A95 /* Conversation.swift in Sources */,
				6AE264ED2975EFD40055250A /* Constants.swift in Sources */,
				A66339A02989D14400477E2E /* QRCode.swift in Sources */,
				6AE264EF2975F2570055250A /* EnsImageView.swift in Sources */,
				6A58A3B029968A85009F62D0 /* NewMessageView.swift in Sources */,
				6AA65968297B2A7100E980AD /* WalletConnection.swift in Sources */,
				6A461307298183A600346D68 /* MessageCellView.swift in Sources */,
			);
			runOnlyForDeploymentPostprocessing = 0;
		};
		6A40155029526796003A6659 /* Sources */ = {
			isa = PBXSourcesBuildPhase;
			buildActionMask = 2147483647;
			files = (
				6A40155929526796003A6659 /* xmtp_inbox_iosTests.swift in Sources */,
				A6A5AB7A29941DC6004F5006 /* ConversationLoaderTests.swift in Sources */,
				A671F71A2992C01900C0F36D /* KeyStoreTests.swift in Sources */,
				A68C8A4A298C64FC003A9A95 /* DBConversationTests.swift in Sources */,
			);
			runOnlyForDeploymentPostprocessing = 0;
		};
		6A40155A29526796003A6659 /* Sources */ = {
			isa = PBXSourcesBuildPhase;
			buildActionMask = 2147483647;
			files = (
				6A40156329526796003A6659 /* xmtp_inbox_iosUITests.swift in Sources */,
			);
			runOnlyForDeploymentPostprocessing = 0;
		};
		A68BCAFB2995BF2A001159B8 /* Sources */ = {
			isa = PBXSourcesBuildPhase;
			buildActionMask = 2147483647;
			files = (
				A68BCB142995C107001159B8 /* Conversation.swift in Sources */,
				A68BCB132995C107001159B8 /* Model.swift in Sources */,
				A68BCB152995C107001159B8 /* Message.swift in Sources */,
				A68BCB282995C2E4001159B8 /* StringExtensions.swift in Sources */,
				A68BCB022995BF2B001159B8 /* NotificationService.swift in Sources */,
				A68BCB2A2995C2E4001159B8 /* DateExtensions.swift in Sources */,
				A68BCB162995C107001159B8 /* ConversationTopic.swift in Sources */,
				A68BCB2C2995C2E4001159B8 /* ViewExtensions.swift in Sources */,
				A68BCB2D2995C2E4001159B8 /* FontExtensions.swift in Sources */,
				A68BCB0D2995C02F001159B8 /* AppGroup.swift in Sources */,
				A68BCB172995C107001159B8 /* DB.swift in Sources */,
				A68BCB2E2995C37B001159B8 /* Keystore.swift in Sources */,
				A68BCB272995C2D7001159B8 /* Constants.swift in Sources */,
				A68BCB2B2995C2E4001159B8 /* ColorExtensions.swift in Sources */,
			);
			runOnlyForDeploymentPostprocessing = 0;
		};
/* End PBXSourcesBuildPhase section */

/* Begin PBXTargetDependency section */
		6A40155629526796003A6659 /* PBXTargetDependency */ = {
			isa = PBXTargetDependency;
			target = 6A40154229526795003A6659 /* xmtp-inbox-ios */;
			targetProxy = 6A40155529526796003A6659 /* PBXContainerItemProxy */;
		};
		6A40156029526796003A6659 /* PBXTargetDependency */ = {
			isa = PBXTargetDependency;
			target = 6A40154229526795003A6659 /* xmtp-inbox-ios */;
			targetProxy = 6A40155F29526796003A6659 /* PBXContainerItemProxy */;
		};
		A68BCB052995BF2B001159B8 /* PBXTargetDependency */ = {
			isa = PBXTargetDependency;
			target = A68BCAFE2995BF2A001159B8 /* NotificationExtension */;
			targetProxy = A68BCB042995BF2B001159B8 /* PBXContainerItemProxy */;
		};
/* End PBXTargetDependency section */

/* Begin XCBuildConfiguration section */
		6A40156629526796003A6659 /* Debug */ = {
			isa = XCBuildConfiguration;
			baseConfigurationReference = A663399E2989CF1600477E2E /* Secrets.xcconfig */;
			buildSettings = {
				ALWAYS_SEARCH_USER_PATHS = NO;
				CLANG_ANALYZER_NONNULL = YES;
				CLANG_ANALYZER_NUMBER_OBJECT_CONVERSION = YES_AGGRESSIVE;
				CLANG_CXX_LANGUAGE_STANDARD = "gnu++20";
				CLANG_ENABLE_MODULES = YES;
				CLANG_ENABLE_OBJC_ARC = YES;
				CLANG_ENABLE_OBJC_WEAK = YES;
				CLANG_WARN_BLOCK_CAPTURE_AUTORELEASING = YES;
				CLANG_WARN_BOOL_CONVERSION = YES;
				CLANG_WARN_COMMA = YES;
				CLANG_WARN_CONSTANT_CONVERSION = YES;
				CLANG_WARN_DEPRECATED_OBJC_IMPLEMENTATIONS = YES;
				CLANG_WARN_DIRECT_OBJC_ISA_USAGE = YES_ERROR;
				CLANG_WARN_DOCUMENTATION_COMMENTS = YES;
				CLANG_WARN_EMPTY_BODY = YES;
				CLANG_WARN_ENUM_CONVERSION = YES;
				CLANG_WARN_INFINITE_RECURSION = YES;
				CLANG_WARN_INT_CONVERSION = YES;
				CLANG_WARN_NON_LITERAL_NULL_CONVERSION = YES;
				CLANG_WARN_OBJC_IMPLICIT_RETAIN_SELF = YES;
				CLANG_WARN_OBJC_LITERAL_CONVERSION = YES;
				CLANG_WARN_OBJC_ROOT_CLASS = YES_ERROR;
				CLANG_WARN_QUOTED_INCLUDE_IN_FRAMEWORK_HEADER = YES;
				CLANG_WARN_RANGE_LOOP_ANALYSIS = YES;
				CLANG_WARN_STRICT_PROTOTYPES = YES;
				CLANG_WARN_SUSPICIOUS_MOVE = YES;
				CLANG_WARN_UNGUARDED_AVAILABILITY = YES_AGGRESSIVE;
				CLANG_WARN_UNREACHABLE_CODE = YES;
				CLANG_WARN__DUPLICATE_METHOD_MATCH = YES;
				COPY_PHASE_STRIP = NO;
				DEAD_CODE_STRIPPING = YES;
				DEBUG_INFORMATION_FORMAT = dwarf;
				ENABLE_STRICT_OBJC_MSGSEND = YES;
				ENABLE_TESTABILITY = YES;
				GCC_C_LANGUAGE_STANDARD = gnu11;
				GCC_DYNAMIC_NO_PIC = NO;
				GCC_NO_COMMON_BLOCKS = YES;
				GCC_OPTIMIZATION_LEVEL = 0;
				GCC_PREPROCESSOR_DEFINITIONS = (
					"DEBUG=1",
					"$(inherited)",
				);
				GCC_WARN_64_TO_32_BIT_CONVERSION = YES;
				GCC_WARN_ABOUT_RETURN_TYPE = YES_ERROR;
				GCC_WARN_UNDECLARED_SELECTOR = YES;
				GCC_WARN_UNINITIALIZED_AUTOS = YES_AGGRESSIVE;
				GCC_WARN_UNUSED_FUNCTION = YES;
				GCC_WARN_UNUSED_VARIABLE = YES;
				MTL_ENABLE_DEBUG_INFO = INCLUDE_SOURCE;
				MTL_FAST_MATH = YES;
				ONLY_ACTIVE_ARCH = YES;
				SWIFT_ACTIVE_COMPILATION_CONDITIONS = DEBUG;
				SWIFT_OPTIMIZATION_LEVEL = "-Onone";
			};
			name = Debug;
		};
		6A40156729526796003A6659 /* Release */ = {
			isa = XCBuildConfiguration;
			buildSettings = {
				ALWAYS_SEARCH_USER_PATHS = NO;
				CLANG_ANALYZER_NONNULL = YES;
				CLANG_ANALYZER_NUMBER_OBJECT_CONVERSION = YES_AGGRESSIVE;
				CLANG_CXX_LANGUAGE_STANDARD = "gnu++20";
				CLANG_ENABLE_MODULES = YES;
				CLANG_ENABLE_OBJC_ARC = YES;
				CLANG_ENABLE_OBJC_WEAK = YES;
				CLANG_WARN_BLOCK_CAPTURE_AUTORELEASING = YES;
				CLANG_WARN_BOOL_CONVERSION = YES;
				CLANG_WARN_COMMA = YES;
				CLANG_WARN_CONSTANT_CONVERSION = YES;
				CLANG_WARN_DEPRECATED_OBJC_IMPLEMENTATIONS = YES;
				CLANG_WARN_DIRECT_OBJC_ISA_USAGE = YES_ERROR;
				CLANG_WARN_DOCUMENTATION_COMMENTS = YES;
				CLANG_WARN_EMPTY_BODY = YES;
				CLANG_WARN_ENUM_CONVERSION = YES;
				CLANG_WARN_INFINITE_RECURSION = YES;
				CLANG_WARN_INT_CONVERSION = YES;
				CLANG_WARN_NON_LITERAL_NULL_CONVERSION = YES;
				CLANG_WARN_OBJC_IMPLICIT_RETAIN_SELF = YES;
				CLANG_WARN_OBJC_LITERAL_CONVERSION = YES;
				CLANG_WARN_OBJC_ROOT_CLASS = YES_ERROR;
				CLANG_WARN_QUOTED_INCLUDE_IN_FRAMEWORK_HEADER = YES;
				CLANG_WARN_RANGE_LOOP_ANALYSIS = YES;
				CLANG_WARN_STRICT_PROTOTYPES = YES;
				CLANG_WARN_SUSPICIOUS_MOVE = YES;
				CLANG_WARN_UNGUARDED_AVAILABILITY = YES_AGGRESSIVE;
				CLANG_WARN_UNREACHABLE_CODE = YES;
				CLANG_WARN__DUPLICATE_METHOD_MATCH = YES;
				COPY_PHASE_STRIP = NO;
				DEAD_CODE_STRIPPING = YES;
				DEBUG_INFORMATION_FORMAT = "dwarf-with-dsym";
				ENABLE_NS_ASSERTIONS = NO;
				ENABLE_STRICT_OBJC_MSGSEND = YES;
				GCC_C_LANGUAGE_STANDARD = gnu11;
				GCC_NO_COMMON_BLOCKS = YES;
				GCC_WARN_64_TO_32_BIT_CONVERSION = YES;
				GCC_WARN_ABOUT_RETURN_TYPE = YES_ERROR;
				GCC_WARN_UNDECLARED_SELECTOR = YES;
				GCC_WARN_UNINITIALIZED_AUTOS = YES_AGGRESSIVE;
				GCC_WARN_UNUSED_FUNCTION = YES;
				GCC_WARN_UNUSED_VARIABLE = YES;
				MTL_ENABLE_DEBUG_INFO = NO;
				MTL_FAST_MATH = YES;
				SWIFT_COMPILATION_MODE = wholemodule;
				SWIFT_OPTIMIZATION_LEVEL = "-O";
			};
			name = Release;
		};
		6A40156929526796003A6659 /* Debug */ = {
			isa = XCBuildConfiguration;
			baseConfigurationReference = 4024CC65EA8A5D552F8FC50D /* Pods-xmtp-inbox-ios.debug.xcconfig */;
			buildSettings = {
				ALWAYS_EMBED_SWIFT_STANDARD_LIBRARIES = YES;
				ASSETCATALOG_COMPILER_APPICON_NAME = AppIcon;
				ASSETCATALOG_COMPILER_GLOBAL_ACCENT_COLOR_NAME = AccentColor;
				CODE_SIGN_ENTITLEMENTS = "xmtp-inbox-ios/xmtp_inbox_ios.entitlements";
				CODE_SIGN_IDENTITY = "Apple Development";
				CODE_SIGN_STYLE = Automatic;
				CURRENT_PROJECT_VERSION = 3;
				DEAD_CODE_STRIPPING = YES;
				DEVELOPMENT_ASSET_PATHS = "\"xmtp-inbox-ios/Preview Content\"";
				DEVELOPMENT_TEAM = FY4NZR34Z3;
				ENABLE_HARDENED_RUNTIME = YES;
				ENABLE_PREVIEWS = YES;
				GENERATE_INFOPLIST_FILE = YES;
				INFOPLIST_FILE = "xmtp-inbox-ios/Info.plist";
				INFOPLIST_KEY_CFBundleDisplayName = "XMTP Inbox";
				INFOPLIST_KEY_LSApplicationCategoryType = "public.app-category.social-networking";
				"INFOPLIST_KEY_UIApplicationSceneManifest_Generation[sdk=iphoneos*]" = YES;
				"INFOPLIST_KEY_UIApplicationSceneManifest_Generation[sdk=iphonesimulator*]" = YES;
				"INFOPLIST_KEY_UIApplicationSupportsIndirectInputEvents[sdk=iphoneos*]" = YES;
				"INFOPLIST_KEY_UIApplicationSupportsIndirectInputEvents[sdk=iphonesimulator*]" = YES;
				"INFOPLIST_KEY_UILaunchScreen_Generation[sdk=iphoneos*]" = YES;
				"INFOPLIST_KEY_UILaunchScreen_Generation[sdk=iphonesimulator*]" = YES;
				"INFOPLIST_KEY_UIStatusBarStyle[sdk=iphoneos*]" = UIStatusBarStyleDefault;
				"INFOPLIST_KEY_UIStatusBarStyle[sdk=iphonesimulator*]" = UIStatusBarStyleDefault;
				INFOPLIST_KEY_UISupportedInterfaceOrientations_iPad = "UIInterfaceOrientationPortrait UIInterfaceOrientationPortraitUpsideDown UIInterfaceOrientationLandscapeLeft UIInterfaceOrientationLandscapeRight";
				INFOPLIST_KEY_UISupportedInterfaceOrientations_iPhone = "UIInterfaceOrientationPortrait UIInterfaceOrientationLandscapeLeft UIInterfaceOrientationLandscapeRight";
				IPHONEOS_DEPLOYMENT_TARGET = 16;
				LD_RUNPATH_SEARCH_PATHS = "@executable_path/Frameworks";
				"LD_RUNPATH_SEARCH_PATHS[sdk=macosx*]" = "@executable_path/../Frameworks";
				MACOSX_DEPLOYMENT_TARGET = 13.0;
				MARKETING_VERSION = 0.1;
				PRODUCT_BUNDLE_IDENTIFIER = com.xmtplabs.inbox.ios;
				PRODUCT_NAME = "$(TARGET_NAME)";
				PROVISIONING_PROFILE_SPECIFIER = "";
				SDKROOT = auto;
				SUPPORTED_PLATFORMS = "iphoneos iphonesimulator macosx";
				SWIFT_EMIT_LOC_STRINGS = YES;
				SWIFT_VERSION = 5.0;
				TARGETED_DEVICE_FAMILY = "1,2";
			};
			name = Debug;
		};
		6A40156A29526796003A6659 /* Release */ = {
			isa = XCBuildConfiguration;
			baseConfigurationReference = 9B491ED89471263D2CAFB3CB /* Pods-xmtp-inbox-ios.release.xcconfig */;
			buildSettings = {
				ALWAYS_EMBED_SWIFT_STANDARD_LIBRARIES = YES;
				ASSETCATALOG_COMPILER_APPICON_NAME = AppIcon;
				ASSETCATALOG_COMPILER_GLOBAL_ACCENT_COLOR_NAME = AccentColor;
				CODE_SIGN_ENTITLEMENTS = "xmtp-inbox-ios/xmtp_inbox_ios.entitlements";
				CODE_SIGN_IDENTITY = "-";
				"CODE_SIGN_IDENTITY[sdk=iphoneos*]" = "Apple Development";
				CODE_SIGN_STYLE = Automatic;
				CURRENT_PROJECT_VERSION = 3;
				DEAD_CODE_STRIPPING = YES;
				DEVELOPMENT_ASSET_PATHS = "\"xmtp-inbox-ios/Preview Content\"";
				DEVELOPMENT_TEAM = FY4NZR34Z3;
				ENABLE_HARDENED_RUNTIME = YES;
				ENABLE_PREVIEWS = YES;
				GENERATE_INFOPLIST_FILE = YES;
				INFOPLIST_FILE = "xmtp-inbox-ios/Info.plist";
				INFOPLIST_KEY_CFBundleDisplayName = "XMTP Inbox";
				INFOPLIST_KEY_LSApplicationCategoryType = "public.app-category.social-networking";
				"INFOPLIST_KEY_UIApplicationSceneManifest_Generation[sdk=iphoneos*]" = YES;
				"INFOPLIST_KEY_UIApplicationSceneManifest_Generation[sdk=iphonesimulator*]" = YES;
				"INFOPLIST_KEY_UIApplicationSupportsIndirectInputEvents[sdk=iphoneos*]" = YES;
				"INFOPLIST_KEY_UIApplicationSupportsIndirectInputEvents[sdk=iphonesimulator*]" = YES;
				"INFOPLIST_KEY_UILaunchScreen_Generation[sdk=iphoneos*]" = YES;
				"INFOPLIST_KEY_UILaunchScreen_Generation[sdk=iphonesimulator*]" = YES;
				"INFOPLIST_KEY_UIStatusBarStyle[sdk=iphoneos*]" = UIStatusBarStyleDefault;
				"INFOPLIST_KEY_UIStatusBarStyle[sdk=iphonesimulator*]" = UIStatusBarStyleDefault;
				INFOPLIST_KEY_UISupportedInterfaceOrientations_iPad = "UIInterfaceOrientationPortrait UIInterfaceOrientationPortraitUpsideDown UIInterfaceOrientationLandscapeLeft UIInterfaceOrientationLandscapeRight";
				INFOPLIST_KEY_UISupportedInterfaceOrientations_iPhone = "UIInterfaceOrientationPortrait UIInterfaceOrientationLandscapeLeft UIInterfaceOrientationLandscapeRight";
				IPHONEOS_DEPLOYMENT_TARGET = 16;
				LD_RUNPATH_SEARCH_PATHS = "@executable_path/Frameworks";
				"LD_RUNPATH_SEARCH_PATHS[sdk=macosx*]" = "@executable_path/../Frameworks";
				MACOSX_DEPLOYMENT_TARGET = 13.0;
				MARKETING_VERSION = 0.1;
				PRODUCT_BUNDLE_IDENTIFIER = com.xmtplabs.inbox.ios;
				PRODUCT_NAME = "$(TARGET_NAME)";
				SDKROOT = auto;
				SUPPORTED_PLATFORMS = "iphoneos iphonesimulator macosx";
				SWIFT_EMIT_LOC_STRINGS = YES;
				SWIFT_VERSION = 5.0;
				TARGETED_DEVICE_FAMILY = "1,2";
			};
			name = Release;
		};
		6A40156C29526796003A6659 /* Debug */ = {
			isa = XCBuildConfiguration;
			baseConfigurationReference = C99AE74FEC77F3029E8F36C6 /* Pods-xmtp-inbox-iosTests.debug.xcconfig */;
			buildSettings = {
				ALWAYS_EMBED_SWIFT_STANDARD_LIBRARIES = YES;
				BUNDLE_LOADER = "$(TEST_HOST)";
				CODE_SIGN_STYLE = Automatic;
				CURRENT_PROJECT_VERSION = 1;
				DEAD_CODE_STRIPPING = YES;
				DEVELOPMENT_TEAM = FY4NZR34Z3;
				GENERATE_INFOPLIST_FILE = YES;
				IPHONEOS_DEPLOYMENT_TARGET = 16.1;
				MACOSX_DEPLOYMENT_TARGET = 13.0;
				MARKETING_VERSION = 1.0;
				PRODUCT_BUNDLE_IDENTIFIER = "com.xmtplabs.xmtp-inbox-iosTests";
				PRODUCT_NAME = "$(TARGET_NAME)";
				SDKROOT = auto;
				SUPPORTED_PLATFORMS = "iphoneos iphonesimulator macosx";
				SWIFT_EMIT_LOC_STRINGS = NO;
				SWIFT_VERSION = 5.0;
				TARGETED_DEVICE_FAMILY = "1,2";
				TEST_HOST = "$(BUILT_PRODUCTS_DIR)/xmtp-inbox-ios.app/$(BUNDLE_EXECUTABLE_FOLDER_PATH)/xmtp-inbox-ios";
			};
			name = Debug;
		};
		6A40156D29526796003A6659 /* Release */ = {
			isa = XCBuildConfiguration;
			baseConfigurationReference = 69C4CF1B1E80E981935F0A82 /* Pods-xmtp-inbox-iosTests.release.xcconfig */;
			buildSettings = {
				ALWAYS_EMBED_SWIFT_STANDARD_LIBRARIES = YES;
				BUNDLE_LOADER = "$(TEST_HOST)";
				CODE_SIGN_STYLE = Automatic;
				CURRENT_PROJECT_VERSION = 1;
				DEAD_CODE_STRIPPING = YES;
				DEVELOPMENT_TEAM = FY4NZR34Z3;
				GENERATE_INFOPLIST_FILE = YES;
				IPHONEOS_DEPLOYMENT_TARGET = 16.1;
				MACOSX_DEPLOYMENT_TARGET = 13.0;
				MARKETING_VERSION = 1.0;
				PRODUCT_BUNDLE_IDENTIFIER = "com.xmtplabs.xmtp-inbox-iosTests";
				PRODUCT_NAME = "$(TARGET_NAME)";
				SDKROOT = auto;
				SUPPORTED_PLATFORMS = "iphoneos iphonesimulator macosx";
				SWIFT_EMIT_LOC_STRINGS = NO;
				SWIFT_VERSION = 5.0;
				TARGETED_DEVICE_FAMILY = "1,2";
				TEST_HOST = "$(BUILT_PRODUCTS_DIR)/xmtp-inbox-ios.app/$(BUNDLE_EXECUTABLE_FOLDER_PATH)/xmtp-inbox-ios";
			};
			name = Release;
		};
		6A40156F29526796003A6659 /* Debug */ = {
			isa = XCBuildConfiguration;
			baseConfigurationReference = D2668044F5BCBB4A1437CAED /* Pods-xmtp-inbox-ios-xmtp-inbox-iosUITests.debug.xcconfig */;
			buildSettings = {
				ALWAYS_EMBED_SWIFT_STANDARD_LIBRARIES = YES;
				CODE_SIGN_STYLE = Automatic;
				CURRENT_PROJECT_VERSION = 1;
				DEAD_CODE_STRIPPING = YES;
				DEVELOPMENT_TEAM = FY4NZR34Z3;
				GENERATE_INFOPLIST_FILE = YES;
				IPHONEOS_DEPLOYMENT_TARGET = 16.1;
				MACOSX_DEPLOYMENT_TARGET = 13.0;
				MARKETING_VERSION = 1.0;
				PRODUCT_BUNDLE_IDENTIFIER = "com.xmtplabs.xmtp-inbox-iosUITests";
				PRODUCT_NAME = "$(TARGET_NAME)";
				SDKROOT = auto;
				SUPPORTED_PLATFORMS = "iphoneos iphonesimulator macosx";
				SWIFT_EMIT_LOC_STRINGS = NO;
				SWIFT_VERSION = 5.0;
				TARGETED_DEVICE_FAMILY = "1,2";
				TEST_TARGET_NAME = "xmtp-inbox-ios";
			};
			name = Debug;
		};
		6A40157029526796003A6659 /* Release */ = {
			isa = XCBuildConfiguration;
			baseConfigurationReference = 7E2FCF1D984B2A694A607529 /* Pods-xmtp-inbox-ios-xmtp-inbox-iosUITests.release.xcconfig */;
			buildSettings = {
				ALWAYS_EMBED_SWIFT_STANDARD_LIBRARIES = YES;
				CODE_SIGN_STYLE = Automatic;
				CURRENT_PROJECT_VERSION = 1;
				DEAD_CODE_STRIPPING = YES;
				DEVELOPMENT_TEAM = YSGZF455SJ;
				GENERATE_INFOPLIST_FILE = YES;
				IPHONEOS_DEPLOYMENT_TARGET = 16.1;
				MACOSX_DEPLOYMENT_TARGET = 13.0;
				MARKETING_VERSION = 1.0;
				PRODUCT_BUNDLE_IDENTIFIER = "com.xmtplabs.xmtp-inbox-iosUITests";
				PRODUCT_NAME = "$(TARGET_NAME)";
				SDKROOT = auto;
				SUPPORTED_PLATFORMS = "iphoneos iphonesimulator macosx";
				SWIFT_EMIT_LOC_STRINGS = NO;
				SWIFT_VERSION = 5.0;
				TARGETED_DEVICE_FAMILY = "1,2";
				TEST_TARGET_NAME = "xmtp-inbox-ios";
			};
			name = Release;
		};
		A68BCB082995BF2B001159B8 /* Debug */ = {
			isa = XCBuildConfiguration;
			baseConfigurationReference = 100928431A8C9CC1828763FE /* Pods-NotificationExtension.debug.xcconfig */;
			buildSettings = {
				CODE_SIGN_ENTITLEMENTS = NotificationExtension/NotificationExtension.entitlements;
				CODE_SIGN_IDENTITY = "Apple Development";
				CODE_SIGN_STYLE = Automatic;
				CURRENT_PROJECT_VERSION = 1;
				DEVELOPMENT_TEAM = FY4NZR34Z3;
				GENERATE_INFOPLIST_FILE = YES;
				INFOPLIST_FILE = NotificationExtension/Info.plist;
				INFOPLIST_KEY_CFBundleDisplayName = NotificationExtension;
				INFOPLIST_KEY_NSHumanReadableCopyright = "";
				IPHONEOS_DEPLOYMENT_TARGET = 16.2;
				LD_RUNPATH_SEARCH_PATHS = (
					"$(inherited)",
					"@executable_path/Frameworks",
					"@executable_path/../../Frameworks",
				);
				MARKETING_VERSION = 1.0;
				PRODUCT_BUNDLE_IDENTIFIER = com.xmtplabs.inbox.ios.NotificationExtension;
				PRODUCT_NAME = "$(TARGET_NAME)";
				SDKROOT = iphoneos;
				SKIP_INSTALL = YES;
				SWIFT_EMIT_LOC_STRINGS = YES;
				SWIFT_VERSION = 5.0;
				TARGETED_DEVICE_FAMILY = "1,2";
			};
			name = Debug;
		};
		A68BCB092995BF2B001159B8 /* Release */ = {
			isa = XCBuildConfiguration;
			baseConfigurationReference = 584FE685FA5E0C6A8F3C1422 /* Pods-NotificationExtension.release.xcconfig */;
			buildSettings = {
				CODE_SIGN_ENTITLEMENTS = NotificationExtension/NotificationExtension.entitlements;
				CODE_SIGN_IDENTITY = "-";
				"CODE_SIGN_IDENTITY[sdk=iphoneos*]" = "Apple Development";
				CODE_SIGN_STYLE = Automatic;
				CURRENT_PROJECT_VERSION = 1;
				DEVELOPMENT_TEAM = FY4NZR34Z3;
				GENERATE_INFOPLIST_FILE = YES;
				INFOPLIST_FILE = NotificationExtension/Info.plist;
				INFOPLIST_KEY_CFBundleDisplayName = NotificationExtension;
				INFOPLIST_KEY_NSHumanReadableCopyright = "";
				IPHONEOS_DEPLOYMENT_TARGET = 16.2;
				LD_RUNPATH_SEARCH_PATHS = (
					"$(inherited)",
					"@executable_path/Frameworks",
					"@executable_path/../../Frameworks",
				);
				MARKETING_VERSION = 1.0;
				PRODUCT_BUNDLE_IDENTIFIER = com.xmtplabs.inbox.ios.NotificationExtension;
				PRODUCT_NAME = "$(TARGET_NAME)";
				SDKROOT = iphoneos;
				SKIP_INSTALL = YES;
				SWIFT_EMIT_LOC_STRINGS = YES;
				SWIFT_VERSION = 5.0;
				TARGETED_DEVICE_FAMILY = "1,2";
				VALIDATE_PRODUCT = YES;
			};
			name = Release;
		};
/* End XCBuildConfiguration section */

/* Begin XCConfigurationList section */
		6A40153E29526795003A6659 /* Build configuration list for PBXProject "xmtp-inbox-ios" */ = {
			isa = XCConfigurationList;
			buildConfigurations = (
				6A40156629526796003A6659 /* Debug */,
				6A40156729526796003A6659 /* Release */,
			);
			defaultConfigurationIsVisible = 0;
			defaultConfigurationName = Release;
		};
		6A40156829526796003A6659 /* Build configuration list for PBXNativeTarget "xmtp-inbox-ios" */ = {
			isa = XCConfigurationList;
			buildConfigurations = (
				6A40156929526796003A6659 /* Debug */,
				6A40156A29526796003A6659 /* Release */,
			);
			defaultConfigurationIsVisible = 0;
			defaultConfigurationName = Release;
		};
		6A40156B29526796003A6659 /* Build configuration list for PBXNativeTarget "xmtp-inbox-iosTests" */ = {
			isa = XCConfigurationList;
			buildConfigurations = (
				6A40156C29526796003A6659 /* Debug */,
				6A40156D29526796003A6659 /* Release */,
			);
			defaultConfigurationIsVisible = 0;
			defaultConfigurationName = Release;
		};
		6A40156E29526796003A6659 /* Build configuration list for PBXNativeTarget "xmtp-inbox-iosUITests" */ = {
			isa = XCConfigurationList;
			buildConfigurations = (
				6A40156F29526796003A6659 /* Debug */,
				6A40157029526796003A6659 /* Release */,
			);
			defaultConfigurationIsVisible = 0;
			defaultConfigurationName = Release;
		};
		A68BCB072995BF2B001159B8 /* Build configuration list for PBXNativeTarget "NotificationExtension" */ = {
			isa = XCConfigurationList;
			buildConfigurations = (
				A68BCB082995BF2B001159B8 /* Debug */,
				A68BCB092995BF2B001159B8 /* Release */,
			);
			defaultConfigurationIsVisible = 0;
			defaultConfigurationName = Release;
		};
/* End XCConfigurationList section */

/* Begin XCRemoteSwiftPackageReference section */
		6A1C37DC2971A3C900AF6559 /* XCRemoteSwiftPackageReference "web3" */ = {
			isa = XCRemoteSwiftPackageReference;
			repositoryURL = "https://github.com/argentlabs/web3.swift";
			requirement = {
				kind = exactVersion;
				version = 1.4.1;
			};
		};
		6A46130F2981F96300346D68 /* XCRemoteSwiftPackageReference "AlertToast" */ = {
			isa = XCRemoteSwiftPackageReference;
			repositoryURL = "https://github.com/elai950/AlertToast.git";
			requirement = {
				branch = master;
				kind = branch;
			};
		};
		6AA65963297B2A2200E980AD /* XCRemoteSwiftPackageReference "WalletConnectSwift" */ = {
			isa = XCRemoteSwiftPackageReference;
			repositoryURL = "https://github.com/WalletConnect/WalletConnectSwift.git";
			requirement = {
				kind = exactVersion;
				version = 1.7.0;
			};
		};
		6AE264E62974E63F0055250A /* XCRemoteSwiftPackageReference "ENSKit" */ = {
			isa = XCRemoteSwiftPackageReference;
			repositoryURL = "https://github.com/Planetable/ENSKit.git";
			requirement = {
				branch = main;
				kind = branch;
			};
		};
		6AE264E92974F62B0055250A /* XCRemoteSwiftPackageReference "IGIdenticon" */ = {
			isa = XCRemoteSwiftPackageReference;
			repositoryURL = "https://github.com/seaburg/IGIdenticon.git";
			requirement = {
				kind = exactVersion;
				version = 0.8.0;
			};
		};
		A68BCB302995C4EE001159B8 /* XCRemoteSwiftPackageReference "KeychainAccess" */ = {
			isa = XCRemoteSwiftPackageReference;
			repositoryURL = "https://github.com/kishikawakatsumi/KeychainAccess";
			requirement = {
				branch = master;
				kind = branch;
			};
		};
		A69C92732994286C00E49F9B /* XCRemoteSwiftPackageReference "xmtp-ios" */ = {
			isa = XCRemoteSwiftPackageReference;
			repositoryURL = "https://github.com/xmtp/xmtp-ios";
			requirement = {
				branch = main;
				kind = branch;
			};
		};
/* End XCRemoteSwiftPackageReference section */

/* Begin XCSwiftPackageProductDependency section */
		6A1C37DD2971A3C900AF6559 /* web3.swift */ = {
			isa = XCSwiftPackageProductDependency;
			package = 6A1C37DC2971A3C900AF6559 /* XCRemoteSwiftPackageReference "web3" */;
			productName = web3.swift;
		};
		6A4613102981F96300346D68 /* AlertToast */ = {
			isa = XCSwiftPackageProductDependency;
			package = 6A46130F2981F96300346D68 /* XCRemoteSwiftPackageReference "AlertToast" */;
			productName = AlertToast;
		};
		6AA65964297B2A2200E980AD /* WalletConnectSwift */ = {
			isa = XCSwiftPackageProductDependency;
			package = 6AA65963297B2A2200E980AD /* XCRemoteSwiftPackageReference "WalletConnectSwift" */;
			productName = WalletConnectSwift;
		};
		6AE264E72974E63F0055250A /* ENSKit */ = {
			isa = XCSwiftPackageProductDependency;
			package = 6AE264E62974E63F0055250A /* XCRemoteSwiftPackageReference "ENSKit" */;
			productName = ENSKit;
		};
		6AE264EA2974F62B0055250A /* IGIdenticon */ = {
			isa = XCSwiftPackageProductDependency;
			package = 6AE264E92974F62B0055250A /* XCRemoteSwiftPackageReference "IGIdenticon" */;
			productName = IGIdenticon;
		};
		A68BCB252995C2C4001159B8 /* XMTP */ = {
			isa = XCSwiftPackageProductDependency;
			package = A69C92732994286C00E49F9B /* XCRemoteSwiftPackageReference "xmtp-ios" */;
			productName = XMTP;
		};
		A68BCB312995C4EE001159B8 /* KeychainAccess */ = {
			isa = XCSwiftPackageProductDependency;
			package = A68BCB302995C4EE001159B8 /* XCRemoteSwiftPackageReference "KeychainAccess" */;
			productName = KeychainAccess;
		};
		A68BCB332995C538001159B8 /* KeychainAccess */ = {
			isa = XCSwiftPackageProductDependency;
			package = A68BCB302995C4EE001159B8 /* XCRemoteSwiftPackageReference "KeychainAccess" */;
			productName = KeychainAccess;
		};
		A69C92742994286C00E49F9B /* XMTP */ = {
			isa = XCSwiftPackageProductDependency;
			package = A69C92732994286C00E49F9B /* XCRemoteSwiftPackageReference "xmtp-ios" */;
			productName = XMTP;
		};
		A69C928029942DD300E49F9B /* XMTPTestHelpers */ = {
			isa = XCSwiftPackageProductDependency;
			package = A69C92732994286C00E49F9B /* XCRemoteSwiftPackageReference "xmtp-ios" */;
			productName = XMTPTestHelpers;
		};
/* End XCSwiftPackageProductDependency section */
	};
	rootObject = 6A40153B29526795003A6659 /* Project object */;
}
